{
  "name": "welcome-v2",
  "lockfileVersion": 3,
  "requires": true,
  "packages": {
    "": {
      "name": "welcome-v2",
      "dependencies": {
        "@patternfly/patternfly": "^5.0.2"
      }
    },
    "node_modules/@patternfly/patternfly": {
      "version": "5.0.2",
      "resolved": "https://registry.npmjs.org/@patternfly/patternfly/-/patternfly-5.0.2.tgz",
      "integrity": "sha512-PB8+MLdYVgF1hIOxGmnVsZG+YHUX3RePe5W1oMS4gS00EmSgw1cobr1Qbpy/BqqS8/R9DRN4hZ2FKDT0d5tkFQ=="
    }
  }
}
