lockfileVersion: '6.0'

settings:
  autoInstallPeers: true
  excludeLinksFromLockfile: false

dependencies:
  '@patternfly-v5/patternfly':
    specifier: npm:@patternfly/patternfly@^5.1.0
    version: /@patternfly/patternfly@5.1.0
  '@patternfly/patternfly':
    specifier: ^4.224.5
    version: 4.224.5
  '@patternfly/react-core':
    specifier: ^4.278.1
    version: 4.278.1(react-dom@18.2.0)(react@18.2.0)
  jquery:
    specifier: ^3.7.1
    version: 3.7.1
  patternfly:
    specifier: ^3.59.5
    version: 3.59.5
  react:
    specifier: ^18.2.0
    version: 18.2.0
  react-dom:
    specifier: ^18.2.0
    version: 18.2.0(react@18.2.0)

devDependencies:
  '@rollup/plugin-commonjs':
    specifier: ^25.0.7
    version: 25.0.7(rollup@4.12.0)
  '@rollup/plugin-node-resolve':
    specifier: ^15.2.3
    version: 15.2.3(rollup@4.12.0)
  '@rollup/plugin-replace':
    specifier: ^5.0.5
    version: 5.0.5(rollup@4.12.0)
  '@rollup/plugin-terser':
    specifier: ^0.4.4
    version: 0.4.4(rollup@4.12.0)
  rollup:
    specifier: ^4.12.0
    version: 4.12.0
  shx:
    specifier: ^0.3.4
    version: 0.3.4

packages:

  /@jridgewell/gen-mapping@0.3.3:
    resolution: {integrity: sha512-HLhSWOLRi875zjjMG/r+Nv0oCW8umGb0BgEhyX3dDX3egwZtB8PqLnjz3yedt8R5StBrzcg4aBpnh8UA9D1BoQ==}
    engines: {node: '>=6.0.0'}
    dependencies:
      '@jridgewell/set-array': 1.1.2
      '@jridgewell/sourcemap-codec': 1.4.15
      '@jridgewell/trace-mapping': 0.3.20
    dev: true

  /@jridgewell/resolve-uri@3.1.1:
    resolution: {integrity: sha512-dSYZh7HhCDtCKm4QakX0xFpsRDqjjtZf/kjI/v3T3Nwt5r8/qz/M19F9ySyOqU94SXBmeG9ttTul+YnR4LOxFA==}
    engines: {node: '>=6.0.0'}
    dev: true

  /@jridgewell/set-array@1.1.2:
    resolution: {integrity: sha512-xnkseuNADM0gt2bs+BvhO0p78Mk762YnZdsuzFV018NoG1Sj1SCQvpSqa7XUaTam5vAGasABV9qXASMKnFMwMw==}
    engines: {node: '>=6.0.0'}
    dev: true

  /@jridgewell/source-map@0.3.5:
    resolution: {integrity: sha512-UTYAUj/wviwdsMfzoSJspJxbkH5o1snzwX0//0ENX1u/55kkZZkcTZP6u9bwKGkv+dkk9at4m1Cpt0uY80kcpQ==}
    dependencies:
      '@jridgewell/gen-mapping': 0.3.3
      '@jridgewell/trace-mapping': 0.3.20
    dev: true

  /@jridgewell/sourcemap-codec@1.4.15:
    resolution: {integrity: sha512-eF2rxCRulEKXHTRiDrDy6erMYWqNw4LPdQ8UQA4huuxaQsVeRPFl2oM8oDGxMFhJUWZf9McpLtJasDDZb/Bpeg==}
    dev: true

  /@jridgewell/trace-mapping@0.3.20:
    resolution: {integrity: sha512-R8LcPeWZol2zR8mmH3JeKQ6QRCFb7XgUhV9ZlGhHLGyg4wpPiPZNQOOWhFZhxKw8u//yTbNGI42Bx/3paXEQ+Q==}
    dependencies:
      '@jridgewell/resolve-uri': 3.1.1
      '@jridgewell/sourcemap-codec': 1.4.15
    dev: true

  /@patternfly/patternfly@4.224.5:
    resolution: {integrity: sha512-io0huj+LCP5FgDZJDaLv1snxktTYs8iCFz/W1VDRneYoebNHLmGfQdF7Yn8bS6PF7qmN6oJKEBlq3AjmmE8vdA==}
    dev: false

  /@patternfly/patternfly@5.1.0:
    resolution: {integrity: sha512-wzVgL/0xPsmuRKWc6lMNEo5gDcTUtyU231eJSBTapOKXiwBOv2flvLEHPYLO6oDYXO+hwUrVgbcZFWMd1UlLwA==}
    dev: false

  /@patternfly/react-core@4.278.1(react-dom@18.2.0)(react@18.2.0):
    resolution: {integrity: sha512-BZ+A0r/xLWXLxE5/b8FTVxRI/KokDlTQOS0ub49ts7nv++vmZS7kU4tn2bfuh7RVw/BfW4CNtoMzeJkM8GpaWw==}
    peerDependencies:
      react: ^16.8 || ^17 || ^18
      react-dom: ^16.8 || ^17 || ^18
    dependencies:
      '@patternfly/react-icons': 4.93.7(react-dom@18.2.0)(react@18.2.0)
      '@patternfly/react-styles': 4.92.8
      '@patternfly/react-tokens': 4.94.7
      focus-trap: 6.9.2
      react: 18.2.0
      react-dom: 18.2.0(react@18.2.0)
      react-dropzone: 9.0.0(react@18.2.0)
      tippy.js: 5.1.2
      tslib: 2.6.2
    dev: false

  /@patternfly/react-icons@4.93.7(react-dom@18.2.0)(react@18.2.0):
    resolution: {integrity: sha512-3kr35dgba7Qz5CSzmfH0rIjSvBC5xkmiknf3SvVUVxaiVA7KRowID8viYHeZlf3v/Oa3sEewaH830Q0t+nWsZQ==}
    peerDependencies:
      react: ^16.8 || ^17 || ^18
      react-dom: ^16.8 || ^17 || ^18
    dependencies:
      react: 18.2.0
      react-dom: 18.2.0(react@18.2.0)
    dev: false

  /@patternfly/react-styles@4.92.8:
    resolution: {integrity: sha512-K4lUU8O4HiCX9NeuNUIrPgN3wlGERCxJVio+PAjd8hpJD/PKnjFfOJ9u6/Cii3qLy/5ZviWPRNHbGiwA/+YUhg==}
    dev: false

  /@patternfly/react-tokens@4.94.7:
    resolution: {integrity: sha512-h+ducOLDMSxcuec3+YY3x+stM5ZUSnrl/lC/eVmjypil2El08NuE2MNEPMQWdhrod6VRRZFMNqZw/m82iv6U1A==}
    dev: false

  /@rollup/plugin-commonjs@25.0.7(rollup@4.12.0):
    resolution: {integrity: sha512-nEvcR+LRjEjsaSsc4x3XZfCCvZIaSMenZu/OiwOKGN2UhQpAYI7ru7czFvyWbErlpoGjnSX3D5Ch5FcMA3kRWQ==}
    engines: {node: '>=14.0.0'}
    peerDependencies:
      rollup: ^2.68.0||^3.0.0||^4.0.0
    peerDependenciesMeta:
      rollup:
        optional: true
    dependencies:
      '@rollup/pluginutils': 5.0.5(rollup@4.12.0)
      commondir: 1.0.1
      estree-walker: 2.0.2
      glob: 8.1.0
      is-reference: 1.2.1
      magic-string: 0.30.5
      rollup: 4.12.0
    dev: true

  /@rollup/plugin-node-resolve@15.2.3(rollup@4.12.0):
    resolution: {integrity: sha512-j/lym8nf5E21LwBT4Df1VD6hRO2L2iwUeUmP7litikRsVp1H6NWx20NEp0Y7su+7XGc476GnXXc4kFeZNGmaSQ==}
    engines: {node: '>=14.0.0'}
    peerDependencies:
      rollup: ^2.78.0||^3.0.0||^4.0.0
    peerDependenciesMeta:
      rollup:
        optional: true
    dependencies:
      '@rollup/pluginutils': 5.0.5(rollup@4.12.0)
      '@types/resolve': 1.20.2
      deepmerge: 4.3.1
      is-builtin-module: 3.2.1
      is-module: 1.0.0
      resolve: 1.22.8
      rollup: 4.12.0
    dev: true

  /@rollup/plugin-replace@5.0.5(rollup@4.12.0):
    resolution: {integrity: sha512-rYO4fOi8lMaTg/z5Jb+hKnrHHVn8j2lwkqwyS4kTRhKyWOLf2wST2sWXr4WzWiTcoHTp2sTjqUbqIj2E39slKQ==}
    engines: {node: '>=14.0.0'}
    peerDependencies:
      rollup: ^1.20.0||^2.0.0||^3.0.0||^4.0.0
    peerDependenciesMeta:
      rollup:
        optional: true
    dependencies:
      '@rollup/pluginutils': 5.0.5(rollup@4.12.0)
      magic-string: 0.30.5
      rollup: 4.12.0
    dev: true

  /@rollup/plugin-terser@0.4.4(rollup@4.12.0):
    resolution: {integrity: sha512-XHeJC5Bgvs8LfukDwWZp7yeqin6ns8RTl2B9avbejt6tZqsqvVoWI7ZTQrcNsfKEDWBTnTxM8nMDkO2IFFbd0A==}
    engines: {node: '>=14.0.0'}
    peerDependencies:
      rollup: ^2.0.0||^3.0.0||^4.0.0
    peerDependenciesMeta:
      rollup:
        optional: true
    dependencies:
      rollup: 4.12.0
      serialize-javascript: 6.0.1
      smob: 1.4.1
      terser: 5.24.0
    dev: true

  /@rollup/pluginutils@5.0.5(rollup@4.12.0):
    resolution: {integrity: sha512-6aEYR910NyP73oHiJglti74iRyOwgFU4x3meH/H8OJx6Ry0j6cOVZ5X/wTvub7G7Ao6qaHBEaNsV3GLJkSsF+Q==}
    engines: {node: '>=14.0.0'}
    peerDependencies:
      rollup: ^1.20.0||^2.0.0||^3.0.0||^4.0.0
    peerDependenciesMeta:
      rollup:
        optional: true
    dependencies:
      '@types/estree': 1.0.5
      estree-walker: 2.0.2
      picomatch: 2.3.1
      rollup: 4.12.0
    dev: true

  /@rollup/rollup-android-arm-eabi@4.12.0:
    resolution: {integrity: sha512-+ac02NL/2TCKRrJu2wffk1kZ+RyqxVUlbjSagNgPm94frxtr+XDL12E5Ll1enWskLrtrZ2r8L3wED1orIibV/w==}
    cpu: [arm]
    os: [android]
    requiresBuild: true
    dev: true
    optional: true

  /@rollup/rollup-android-arm64@4.12.0:
    resolution: {integrity: sha512-OBqcX2BMe6nvjQ0Nyp7cC90cnumt8PXmO7Dp3gfAju/6YwG0Tj74z1vKrfRz7qAv23nBcYM8BCbhrsWqO7PzQQ==}
    cpu: [arm64]
    os: [android]
    requiresBuild: true
    dev: true
    optional: true

  /@rollup/rollup-darwin-arm64@4.12.0:
    resolution: {integrity: sha512-X64tZd8dRE/QTrBIEs63kaOBG0b5GVEd3ccoLtyf6IdXtHdh8h+I56C2yC3PtC9Ucnv0CpNFJLqKFVgCYe0lOQ==}
    cpu: [arm64]
    os: [darwin]
    requiresBuild: true
    dev: true
    optional: true

  /@rollup/rollup-darwin-x64@4.12.0:
    resolution: {integrity: sha512-cc71KUZoVbUJmGP2cOuiZ9HSOP14AzBAThn3OU+9LcA1+IUqswJyR1cAJj3Mg55HbjZP6OLAIscbQsQLrpgTOg==}
    cpu: [x64]
    os: [darwin]
    requiresBuild: true
    dev: true
    optional: true

  /@rollup/rollup-linux-arm-gnueabihf@4.12.0:
    resolution: {integrity: sha512-a6w/Y3hyyO6GlpKL2xJ4IOh/7d+APaqLYdMf86xnczU3nurFTaVN9s9jOXQg97BE4nYm/7Ga51rjec5nfRdrvA==}
    cpu: [arm]
    os: [linux]
    requiresBuild: true
    dev: true
    optional: true

  /@rollup/rollup-linux-arm64-gnu@4.12.0:
    resolution: {integrity: sha512-0fZBq27b+D7Ar5CQMofVN8sggOVhEtzFUwOwPppQt0k+VR+7UHMZZY4y+64WJ06XOhBTKXtQB/Sv0NwQMXyNAA==}
    cpu: [arm64]
    os: [linux]
    requiresBuild: true
    dev: true
    optional: true

  /@rollup/rollup-linux-arm64-musl@4.12.0:
    resolution: {integrity: sha512-eTvzUS3hhhlgeAv6bfigekzWZjaEX9xP9HhxB0Dvrdbkk5w/b+1Sxct2ZuDxNJKzsRStSq1EaEkVSEe7A7ipgQ==}
    cpu: [arm64]
    os: [linux]
    requiresBuild: true
    dev: true
    optional: true

  /@rollup/rollup-linux-riscv64-gnu@4.12.0:
    resolution: {integrity: sha512-ix+qAB9qmrCRiaO71VFfY8rkiAZJL8zQRXveS27HS+pKdjwUfEhqo2+YF2oI+H/22Xsiski+qqwIBxVewLK7sw==}
    cpu: [riscv64]
    os: [linux]
    requiresBuild: true
    dev: true
    optional: true

  /@rollup/rollup-linux-x64-gnu@4.12.0:
    resolution: {integrity: sha512-TenQhZVOtw/3qKOPa7d+QgkeM6xY0LtwzR8OplmyL5LrgTWIXpTQg2Q2ycBf8jm+SFW2Wt/DTn1gf7nFp3ssVA==}
    cpu: [x64]
    os: [linux]
    requiresBuild: true
    dev: true
    optional: true

  /@rollup/rollup-linux-x64-musl@4.12.0:
    resolution: {integrity: sha512-LfFdRhNnW0zdMvdCb5FNuWlls2WbbSridJvxOvYWgSBOYZtgBfW9UGNJG//rwMqTX1xQE9BAodvMH9tAusKDUw==}
    cpu: [x64]
    os: [linux]
    requiresBuild: true
    dev: true
    optional: true

  /@rollup/rollup-win32-arm64-msvc@4.12.0:
    resolution: {integrity: sha512-JPDxovheWNp6d7AHCgsUlkuCKvtu3RB55iNEkaQcf0ttsDU/JZF+iQnYcQJSk/7PtT4mjjVG8N1kpwnI9SLYaw==}
    cpu: [arm64]
    os: [win32]
    requiresBuild: true
    dev: true
    optional: true

  /@rollup/rollup-win32-ia32-msvc@4.12.0:
    resolution: {integrity: sha512-fjtuvMWRGJn1oZacG8IPnzIV6GF2/XG+h71FKn76OYFqySXInJtseAqdprVTDTyqPxQOG9Exak5/E9Z3+EJ8ZA==}
    cpu: [ia32]
    os: [win32]
    requiresBuild: true
    dev: true
    optional: true

  /@rollup/rollup-win32-x64-msvc@4.12.0:
    resolution: {integrity: sha512-ZYmr5mS2wd4Dew/JjT0Fqi2NPB/ZhZ2VvPp7SmvPZb4Y1CG/LRcS6tcRo2cYU7zLK5A7cdbhWnnWmUjoI4qapg==}
    cpu: [x64]
    os: [win32]
    requiresBuild: true
    dev: true
    optional: true

  /@types/c3@0.6.4:
    resolution: {integrity: sha512-W7i7oSmHsXYhseZJsIYexelv9HitGsWdQhx3mcy4NWso+GedpCYr02ghpkNvnZ4oTIjNeISdrOnM70s7HiuV+g==}
    requiresBuild: true
    dependencies:
      '@types/d3': 4.13.15
    dev: false
    optional: true

  /@types/d3-array@1.2.12:
    resolution: {integrity: sha512-zIq9wCg/JO7MGC6vq3HRDaVYkqgSPIDjpo3JhAQxl7PHYVPA5D9SMiBfjW/ZoAvPd2a+rkovqBg0nS0QOChsJQ==}
    requiresBuild: true
    dev: false
    optional: true

  /@types/d3-axis@1.0.19:
    resolution: {integrity: sha512-rXxE2jJYv6kar/6YWS8rM0weY+jjvnJvBxHKrIUqt3Yzomrfbf5tncpKG6jq6Aaw6TZyBcb1bxEWc0zGzcmbiw==}
    requiresBuild: true
    dependencies:
      '@types/d3-selection': 1.4.6
    dev: false
    optional: true

  /@types/d3-brush@1.1.8:
    resolution: {integrity: sha512-tPVjYAjJt02fgazF9yiX/309sj6qhIiIopLuHhP4FFFq9VKqu9NQBeCK3ger0RHVZGs9RKaSBUWyPUzii5biGQ==}
    requiresBuild: true
    dependencies:
      '@types/d3-selection': 1.4.6
    dev: false
    optional: true

  /@types/d3-chord@1.0.14:
    resolution: {integrity: sha512-W9rCIbSAhwtmydW5iGg9dwTQIi3SGBOh68/T3ke3PyOgejuSLozmtAMaWNViGaGJCeuM4aFJHTUHQvMedl4ugA==}
    requiresBuild: true
    dev: false
    optional: true

  /@types/d3-collection@1.0.13:
    resolution: {integrity: sha512-v0Rgw3IZebRyamcwVmtTDCZ8OmQcj4siaYjNc7wGMZT7PmdSHawGsCOQMxyLvZ7lWjfohYLK0oXtilMOMgfY8A==}
    requiresBuild: true
    dev: false
    optional: true

  /@types/d3-color@1.4.5:
    resolution: {integrity: sha512-5sNP3DmtSnSozxcjqmzQKsDOuVJXZkceo1KJScDc1982kk/TS9mTPc6lpli1gTu1MIBF1YWutpHpjucNWcIj5g==}
    requiresBuild: true
    dev: false
    optional: true

  /@types/d3-dispatch@1.0.12:
    resolution: {integrity: sha512-vrhleoVNhGJGx7GQZ4207lYGyMbW/yj/iJTSvLKyfAp8nXFF+19dnMpPN/nEVs6fudIsQc7ZelBFUMe3aJDmKw==}
    requiresBuild: true
    dev: false
    optional: true

  /@types/d3-drag@1.2.8:
    resolution: {integrity: sha512-QM6H8E6r9/51BcE4NEluQ0f9dTECCTDEALJSQIWn183+Mtz/6KvEjOxW8VzKYSnhhL+qMljMKKA1WOUUf/4Qhw==}
    requiresBuild: true
    dependencies:
      '@types/d3-selection': 1.4.6
    dev: false
    optional: true

  /@types/d3-dsv@1.2.8:
    resolution: {integrity: sha512-x1m1s0lVstZQ5/Kzp4bVIMee3fFuDm+hphVnvrYA7wU16XqwgbCBfeVvHYZzVQQIy4jyi3MEtgduLVuwIRCKLQ==}
    requiresBuild: true
    dev: false
    optional: true

  /@types/d3-ease@1.0.13:
    resolution: {integrity: sha512-VAA4H8YNaNN0+UNIlpkwkLOj7xL5EGdyiQpdlAvOIRHckjGFCLK8eMoUd4+IMNEhQgweq0Yk/Dfzr70xhUo6hA==}
    requiresBuild: true
    dev: false
    optional: true

  /@types/d3-force@1.2.7:
    resolution: {integrity: sha512-zySqZfnxn67RVEGWzpD9dQA0AbNIp4Rj0qGvAuUdUNfGLrwuGCbEGAGze5hEdNaHJKQT2gTqr6j+qAzncm11ew==}
    requiresBuild: true
    dev: false
    optional: true

  /@types/d3-format@1.4.5:
    resolution: {integrity: sha512-mLxrC1MSWupOSncXN/HOlWUAAIffAEBaI4+PKy2uMPsKe4FNZlk7qrbTjmzJXITQQqBHivaks4Td18azgqnotA==}
    requiresBuild: true
    dev: false
    optional: true

  /@types/d3-geo@1.12.7:
    resolution: {integrity: sha512-QetZrWWjuMfCe0BHLjD+dOThlgk7YGZ2gj+yhFAbDN5TularNBEQiBs5/CIgX0+IBDjt7/fbkDd5V70J1LjjKA==}
    requiresBuild: true
    dependencies:
      '@types/geojson': 7946.0.13
    dev: false
    optional: true

  /@types/d3-hierarchy@1.1.11:
    resolution: {integrity: sha512-lnQiU7jV+Gyk9oQYk0GGYccuexmQPTp08E0+4BidgFdiJivjEvf+esPSdZqCZ2C7UwTWejWpqetVaU8A+eX3FA==}
    requiresBuild: true
    dev: false
    optional: true

  /@types/d3-interpolate@1.4.5:
    resolution: {integrity: sha512-k9L18hXXv7OvK4PqW1kSFYIzasGOvfhPUWmHFkoZ8/ci99EAmY4HoF6zMefrHl0SGV7XYc7Qq2MNh8dK3edg5A==}
    requiresBuild: true
    dependencies:
      '@types/d3-color': 1.4.5
    dev: false
    optional: true

  /@types/d3-path@1.0.11:
    resolution: {integrity: sha512-4pQMp8ldf7UaB/gR8Fvvy69psNHkTpD/pVw3vmEi8iZAB9EPMBruB1JvHO4BIq9QkUUd2lV1F5YXpMNj7JPBpw==}
    requiresBuild: true
    dev: false
    optional: true

  /@types/d3-polygon@1.0.10:
    resolution: {integrity: sha512-+hbHsFdCMs23vk9p/SpvIkHkCpl0vxkP2qWR2vEk0wRi0BXODWgB/6aHnfrz/BeQnk20XzZiQJIZ+11TGxuYMQ==}
    requiresBuild: true
    dev: false
    optional: true

  /@types/d3-quadtree@1.0.12:
    resolution: {integrity: sha512-PmbQ3LzAXMCFA15TXhnph9JOG4fB20tbu8ObcRPJ8J6gudbXTL6bzw0OnLfG/stey2+re8YQA0efA4S6pPkpig==}
    requiresBuild: true
    dev: false
    optional: true

  /@types/d3-queue@3.0.10:
    resolution: {integrity: sha512-kYb7UeXKaOWJIkPx1Rx79+D/3wx69XXpkQ8+MWctAu4CUTdVnSOF/AKqC9bgf42sDuL1Fj0eeQSyU62HRqRHWg==}
    requiresBuild: true
    dev: false
    optional: true

  /@types/d3-random@1.1.5:
    resolution: {integrity: sha512-gB5CR+7xYMj56pt5zmSyDBjTNMEy96PdfUb2qBaAT9bmPcf4P/YHfhhTI5y8JoiqaSRLJY+3mqtaE9loBgB6Ng==}
    requiresBuild: true
    dev: false
    optional: true

  /@types/d3-request@1.0.9:
    resolution: {integrity: sha512-gD2991YKzdQu5lJGhWHEjptxQvWRZKwZF3QdWqjnqrWfVd15e7/WuL6X2Pl/4sRyLKaXWbB2xuk1tSBPVLlNhg==}
    requiresBuild: true
    dependencies:
      '@types/d3-dsv': 1.2.8
    dev: false
    optional: true

  /@types/d3-scale@1.0.21:
    resolution: {integrity: sha512-J6HW1HWAYQ/BSZQIVO9azryu2Q9B8BE8aC9z+t10lwTt9u6V5CJvNKH9wtG1WI0QWuxmeBlc58Jr0Dltm4PNNw==}
    requiresBuild: true
    dependencies:
      '@types/d3-time': 1.1.4
    dev: false
    optional: true

  /@types/d3-selection@1.4.6:
    resolution: {integrity: sha512-0MhJ/LzJe6/vQVxiYJnvNq5CD/MF6Qy0dLp4BEQ6Dz8oOaB0EMXfx1GGeBFSW+3VzgjaUrxK6uECDQj9VLa/Mg==}
    requiresBuild: true
    dev: false
    optional: true

  /@types/d3-shape@1.3.11:
    resolution: {integrity: sha512-1V8rNOM46ogRa/aI8suk8ayhYehLicIG+yZZ8D34iymbltQuZQWs4IJBNj8cF7+4bb1AigARjaOtM2+js0rLTw==}
    requiresBuild: true
    dependencies:
      '@types/d3-path': 1.0.11
    dev: false
    optional: true

  /@types/d3-time-format@2.3.4:
    resolution: {integrity: sha512-xdDXbpVO74EvadI3UDxjxTdR6QIxm1FKzEA/+F8tL4GWWUg/hgvBqf6chql64U5A9ZUGWo7pEu4eNlyLwbKdhg==}
    requiresBuild: true
    dev: false
    optional: true

  /@types/d3-time@1.1.4:
    resolution: {integrity: sha512-JIvy2HjRInE+TXOmIGN5LCmeO0hkFZx5f9FZ7kiN+D+YTcc8pptsiLiuHsvwxwC7VVKmJ2ExHUgNlAiV7vQM9g==}
    requiresBuild: true
    dev: false
    optional: true

  /@types/d3-timer@1.0.12:
    resolution: {integrity: sha512-Tv9tkA4y3UvGQnrHyYAQhf5x/297FuYwotS4UW2TpwLblvRahbyL8r9HFYTJLPfPRqS63hwlqRItjKGmKtJxNg==}
    requiresBuild: true
    dev: false
    optional: true

  /@types/d3-transition@1.3.5:
    resolution: {integrity: sha512-gVj9AXXkoj0yKr1jsPJFkKoYTEmSdaYh8W7XBeRIhcspFX9b3MSwLxTerVHeEPXer9kYLvZfAINk8HcjWhwZSQ==}
    requiresBuild: true
    dependencies:
      '@types/d3-selection': 1.4.6
    dev: false
    optional: true

  /@types/d3-voronoi@1.1.12:
    resolution: {integrity: sha512-DauBl25PKZZ0WVJr42a6CNvI6efsdzofl9sajqZr2Gf5Gu733WkDdUGiPkUHXiUvYGzNNlFQde2wdZdfQPG+yw==}
    requiresBuild: true
    dev: false
    optional: true

  /@types/d3-zoom@1.8.7:
    resolution: {integrity: sha512-HJWci3jXwFIuFKDqGn5PmuwrhZvuFdrnUmtSKCLXFAWyf2lAIUKMKh1/lHOkWBl/f4KVupGricJiqkQy+cVTog==}
    requiresBuild: true
    dependencies:
      '@types/d3-interpolate': 1.4.5
      '@types/d3-selection': 1.4.6
    dev: false
    optional: true

  /@types/d3@4.13.15:
    resolution: {integrity: sha512-D1yRBsDCC8BBUHfl7DHfEXAX1+RkwdmrwTSMB+dhCPuzIyj4dc3b+fkKnvMWj7tqx3YeoM/QsZnZ13IkkbhTUw==}
    requiresBuild: true
    dependencies:
      '@types/d3-array': 1.2.12
      '@types/d3-axis': 1.0.19
      '@types/d3-brush': 1.1.8
      '@types/d3-chord': 1.0.14
      '@types/d3-collection': 1.0.13
      '@types/d3-color': 1.4.5
      '@types/d3-dispatch': 1.0.12
      '@types/d3-drag': 1.2.8
      '@types/d3-dsv': 1.2.8
      '@types/d3-ease': 1.0.13
      '@types/d3-force': 1.2.7
      '@types/d3-format': 1.4.5
      '@types/d3-geo': 1.12.7
      '@types/d3-hierarchy': 1.1.11
      '@types/d3-interpolate': 1.4.5
      '@types/d3-path': 1.0.11
      '@types/d3-polygon': 1.0.10
      '@types/d3-quadtree': 1.0.12
      '@types/d3-queue': 3.0.10
      '@types/d3-random': 1.1.5
      '@types/d3-request': 1.0.9
      '@types/d3-scale': 1.0.21
      '@types/d3-selection': 1.4.6
      '@types/d3-shape': 1.3.11
      '@types/d3-time': 1.1.4
      '@types/d3-time-format': 2.3.4
      '@types/d3-timer': 1.0.12
      '@types/d3-transition': 1.3.5
      '@types/d3-voronoi': 1.1.12
      '@types/d3-zoom': 1.8.7
    dev: false
    optional: true

  /@types/estree@1.0.5:
    resolution: {integrity: sha512-/kYRxGDLWzHOB7q+wtSUQlFrtcdUccpfy+X+9iMBpHK8QLLhx2wIPYuS5DYtR9Wa/YlZAbIovy7qVdB1Aq6Lyw==}
    dev: true

  /@types/geojson@7946.0.13:
    resolution: {integrity: sha512-bmrNrgKMOhM3WsafmbGmC+6dsF2Z308vLFsQ3a/bT8X8Sv5clVYpPars/UPq+sAaJP+5OoLAYgwbkS5QEJdLUQ==}
    requiresBuild: true
    dev: false
    optional: true

  /@types/resolve@1.20.2:
    resolution: {integrity: sha512-60BCwRFOZCQhDncwQdxxeOEEkbc5dIMccYLwbxsS4TUNeVECQ/pBJ0j09mrHOl/JJvpRPGwO9SvE4nR2Nb/a4Q==}
    dev: true

  /acorn@8.11.2:
    resolution: {integrity: sha512-nc0Axzp/0FILLEVsm4fNwLCwMttvhEI263QtVPQcbpfZZ3ts0hLsZGOpE6czNlid7CJ9MlyH8reXkpsf3YUY4w==}
    engines: {node: '>=0.4.0'}
    hasBin: true
    dev: true

  /attr-accept@1.1.3:
    resolution: {integrity: sha512-iT40nudw8zmCweivz6j58g+RT33I4KbaIvRUhjNmDwO2WmsQUxFEZZYZ5w3vXe5x5MX9D7mfvA/XaLOZYFR9EQ==}
    engines: {node: '>=4'}
    dependencies:
      core-js: 2.6.12
    dev: false

  /balanced-match@1.0.2:
    resolution: {integrity: sha512-3oSeUO0TMV67hN1AmbXsK4yaqU7tjiHlbxRDZOpH0KW9+CeX4bRAaX0Anxt0tx2MrpRpWwQaPwIlISEJhYU5Pw==}
    dev: true

  /bootstrap-datepicker@1.10.0:
    resolution: {integrity: sha512-lWxtSYddAQOpbAO8UhYhHLcK6425eWoSjb5JDvZU3ePHEPF6A3eUr51WKaFy4PccU19JRxUG6wEU3KdhtKfvpg==}
    requiresBuild: true
    dependencies:
      jquery: 3.7.1
    dev: false
    optional: true

  /bootstrap-sass@3.4.3:
    resolution: {integrity: sha512-vPgFnGMp1jWZZupOND65WS6mkR8rxhJxndT/AcMbqcq1hHMdkcH4sMPhznLzzoHOHkSCrd6J9F8pWBriPCKP2Q==}
    requiresBuild: true
    dev: false
    optional: true

  /bootstrap-select@1.12.2:
    resolution: {integrity: sha512-Fj1VstB55LigEEYQb6ZOi/ok+uaqnslRxS8Qo9Q+F46WWDhhXAeNpjBhjEMlxQjPs9yqYZf2hf/mxVRWab8sow==}
    requiresBuild: true
    dependencies:
      jquery: 3.7.1
    dev: false
    optional: true

  /bootstrap-slider@9.10.0:
    resolution: {integrity: sha512-a9MtENtt4r3ttPW5mpIpOFmCaIsm37EGukOgw5cfHlxKvsUSN8AN9JtwKrKuqgEnxs86kUSsMvMn8kqewMorKw==}
    requiresBuild: true
    dev: false
    optional: true

  /bootstrap-switch@3.3.4(bootstrap@3.4.1)(jquery@3.4.1):
    resolution: {integrity: sha512-7YQo+Ir6gCUqC36FFp1Zvec5dRF/+obq+1drMtdIMi9Xc84Kx63Evi0kdcp4HfiGsZpiz6IskyYDNlSKcxsL7w==}
    requiresBuild: true
    peerDependencies:
      bootstrap: ^3.1.1
      jquery: '>=1.9.0'
    dependencies:
      bootstrap: 3.4.1
      jquery: 3.4.1
    dev: false
    optional: true

  /bootstrap-touchspin@3.1.1:
    resolution: {integrity: sha512-o5pgzdr8Ma5hQKS3JE1uNq/jkx8qCG+KhJXSlvYCmX2wTxva2sS2Kq3idGN+tP5e1bZJQgkbqwP9TdEEx+R+6Q==}
    requiresBuild: true
    dev: false
    optional: true

  /bootstrap@3.4.1:
    resolution: {integrity: sha512-yN5oZVmRCwe5aKwzRj6736nSmKDX7pLYwsXiCj/EYmo16hODaBiT4En5btW/jhBF/seV+XMx3aYwukYC3A49DA==}
    engines: {node: '>=6'}
    dev: false

  /brace-expansion@1.1.11:
    resolution: {integrity: sha512-iCuPHDFgrHX7H2vEI/5xpz07zSHB00TpugqhmYtVmMO6518mCuRMoOYFldEBl0g187ufozdaHgWKcYFb61qGiA==}
    dependencies:
      balanced-match: 1.0.2
      concat-map: 0.0.1
    dev: true

  /brace-expansion@2.0.1:
    resolution: {integrity: sha512-XnAIvQ8eM+kC6aULx6wuQiwVsnzsi9d3WxzV3FpWTGA19F621kwdbsAcFKXgKUHZWsy+mY6iL1sHTxWEFCytDA==}
    dependencies:
      balanced-match: 1.0.2
    dev: true

  /buffer-from@1.1.2:
    resolution: {integrity: sha512-E+XQCRwSbaaiChtv6k6Dwgc+bx+Bs6vuKJHHl5kox/BaKbhiXzqQOwK4cO22yElGp2OCmjwVhT3HmxgyPGnJfQ==}
    dev: true

  /builtin-modules@3.3.0:
    resolution: {integrity: sha512-zhaCDicdLuWN5UbN5IMnFqNMhNfo919sH85y2/ea+5Yg9TsTkeZxpL+JLbp6cgYFS4sRLp3YV4S6yDuqVWHYOw==}
    engines: {node: '>=6'}
    dev: true

  /c3@0.4.24:
    resolution: {integrity: sha512-mVCFtN5ZWUT5UE7ilFQ7KBQ7TUCdKIq6KsDt1hH/1m6gC1tBjvzFTO7fqhaiWHfhNOjjM7makschdhg6DkWQMA==}
    requiresBuild: true
    dependencies:
      d3: 3.5.17
    dev: false
    optional: true

  /commander@2.20.3:
    resolution: {integrity: sha512-GpVkmM8vF2vQUkj2LvZmD35JxeJOLCwJ9cUkugyk2nuhbv3+mJvpLYYt+0+USMxE+oj+ey/lJEnhZw75x/OMcQ==}
    dev: true

  /commondir@1.0.1:
    resolution: {integrity: sha512-W9pAhw0ja1Edb5GVdIF1mjZw/ASI0AlShXM83UUGe2DVr5TdAPEA1OA8m/g8zWp9x6On7gqufY+FatDbC3MDQg==}
    dev: true

  /concat-map@0.0.1:
    resolution: {integrity: sha512-/Srv4dswyQNBfohGpz9o6Yb3Gz3SrUDqBH5rTuhGR7ahtlbYKnVxw2bCFMRljaA7EXHaXZ8wsHdodFvbkhKmqg==}
    dev: true

  /core-js@2.6.12:
    resolution: {integrity: sha512-Kb2wC0fvsWfQrgk8HU5lW6U/Lcs8+9aaYcy4ZFc6DDlo4nZ7n70dEgE5rtR0oG6ufKDUnrwfWL1mXR5ljDatrQ==}
    deprecated: core-js@<3.23.3 is no longer maintained and not recommended for usage due to the number of issues. Because of the V8 engine whims, feature detection in old core-js versions could cause a slowdown up to 100x even if nothing is polyfilled. Some versions have web compatibility issues. Please, upgrade your dependencies to the actual version of core-js.
    requiresBuild: true
    dev: false

  /d3@3.5.17:
    resolution: {integrity: sha512-yFk/2idb8OHPKkbAL8QaOaqENNoMhIaSHZerk3oQsECwkObkCpJyjYwCe+OHiq6UEdhe1m8ZGARRRO3ljFjlKg==}
    requiresBuild: true
    dev: false
    optional: true

  /datatables.net-bs@1.13.8:
    resolution: {integrity: sha512-KJ1ePUXVHi/l3qP+r2uan3NJPIwtHP2hep9H7oP2UrEEq9Ibkhm5HHr6Pce+qpQbMd1x0584Grxydz4Zx/SqBg==}
    requiresBuild: true
    dependencies:
      datatables.net: 1.13.8
      jquery: 3.7.1
    dev: false
    optional: true

  /datatables.net-colreorder-bs@1.3.3:
    resolution: {integrity: sha512-+DPim/DhbSIqr2rhRvYNrAMFNZgl372PiKEAv5YeyjYMzc8+6kX8Vinpb3Bg0PDgEdPqEWqJ6H18pBCKhXppgg==}
    requiresBuild: true
    dependencies:
      datatables.net-bs: 1.13.8
      datatables.net-colreorder: 1.7.0
      jquery: 3.7.1
    dev: false
    optional: true

  /datatables.net-colreorder@1.7.0:
    resolution: {integrity: sha512-Vyysfxe2kfjeuPJJMGRQ2jHVOfoadyBYKzizbOHzR2bhTVsIYjrbEhUA1H24TISE17SdR77X0RmcUvS/h/Bifw==}
    requiresBuild: true
    dependencies:
      datatables.net: 1.13.8
      jquery: 3.7.1
    dev: false
    optional: true

  /datatables.net-select@1.2.7:
    resolution: {integrity: sha512-C3XDi7wpruGjDXV36dc9hN/FrAX9GOFvBZ7+KfKJTBNkGFbbhdzHS91SMeGiwRXPYivAyxfPTcVVndVaO83uBQ==}
    requiresBuild: true
    dependencies:
      datatables.net: 1.13.8
      jquery: 3.7.1
    dev: false
    optional: true

  /datatables.net@1.13.8:
    resolution: {integrity: sha512-2pDamr+GUwPTby2OgriVB9dR9ftFKD2AQyiuCXzZIiG4d9KkKFQ7gqPfNmG7uj9Tc5kDf+rGj86do4LAb/V71g==}
    requiresBuild: true
    dependencies:
      jquery: 3.7.1
    dev: false
    optional: true

  /deepmerge@4.3.1:
    resolution: {integrity: sha512-3sUqbMEc77XqpdNO7FRyRog+eW3ph+GYCbj+rK+uYyRMuwsVy0rMiVtPn+QJlKFvWP/1PYpapqYn0Me2knFn+A==}
    engines: {node: '>=0.10.0'}
    dev: true

  /drmonty-datatables-colvis@1.1.2:
    resolution: {integrity: sha512-1kL4fbsBEkQQTl83eQ8G/vRGcCiM6Hn3O8Tp473tG4YSsBDcxETDDSxb8qC+fQjHZ3jUCptWj3lG/L8rI6NBNw==}
    requiresBuild: true
    dependencies:
      jquery: 3.7.1
    dev: false
    optional: true

  /eonasdan-bootstrap-datetimepicker@4.17.49(bootstrap@3.4.1)(jquery@3.4.1)(moment-timezone@0.4.1)(moment@2.29.4):
    resolution: {integrity: sha512-7KZeDpkj+A6AtPR3XjX8gAnRPUkPSfW0OmMANG1dkUOPMtLSzbyoCjDIdEcfRtQPU5X0D9Gob7wWKn0h4QWy7A==}
    requiresBuild: true
    peerDependencies:
      bootstrap: ^3.3
      jquery: ^1.8.3 || ^2.0 || ^3.0
      moment: ^2.10
      moment-timezone: ^0.4.0 || ^0.5.0
    dependencies:
      bootstrap: 3.4.1
      jquery: 3.4.1
      moment: 2.29.4
      moment-timezone: 0.4.1
    dev: false
    optional: true

  /estree-walker@2.0.2:
    resolution: {integrity: sha512-Rfkk/Mp/DL7JVje3u18FxFujQlTNR2q6QfMSMB7AvCBx91NGj/ba3kCfza0f6dVDbw7YlRf/nDrn7pQrCCyQ/w==}
    dev: true

  /file-selector@0.1.19:
    resolution: {integrity: sha512-kCWw3+Aai8Uox+5tHCNgMFaUdgidxvMnLWO6fM5sZ0hA2wlHP5/DHGF0ECe84BiB95qdJbKNEJhWKVDvMN+JDQ==}
    engines: {node: '>= 10'}
    dependencies:
      tslib: 2.6.2
    dev: false

  /focus-trap@6.9.2:
    resolution: {integrity: sha512-gBEuXOPNOKPrLdZpMFUSTyIo1eT2NSZRrwZ9r/0Jqw5tmT3Yvxfmu8KBHw8xW2XQkw6E/JoG+OlEq7UDtSUNgw==}
    dependencies:
      tabbable: 5.3.3
    dev: false

  /font-awesome-sass@4.7.0:
    resolution: {integrity: sha512-apO2Nw3XP/Zv7fLxa+MnPnvJ/GdkH6qWrLrtN5oQrFL7RPprzHKROjN94jgyoxM+T7PQBhY9F/SwOKbBaLyXxg==}
    requiresBuild: true
    dev: false
    optional: true

  /font-awesome@4.7.0:
    resolution: {integrity: sha512-U6kGnykA/6bFmg1M/oT9EkFeIYv7JlX3bozwQJWiiLz6L0w3F5vBVPxHlwyX/vtNq1ckcpRKOB9f2Qal/VtFpg==}
    engines: {node: '>=0.10.3'}
    dev: false

  /fs.realpath@1.0.0:
    resolution: {integrity: sha512-OO0pH2lK6a0hZnAdau5ItzHPI6pUlvI7jMVnxUQRtw4owF2wk8lOSabtGDCTP4Ggrg2MbGnWO9X8K1t4+fGMDw==}
    dev: true

  /fsevents@2.3.3:
    resolution: {integrity: sha512-5xoDfX+fL7faATnagmWPpbFtwh/R77WmMMqqHGS65C3vvB0YHrgF+B1YmZ3441tMj5n63k0212XNoJwzlhffQw==}
    engines: {node: ^8.16.0 || ^10.6.0 || >=11.0.0}
    os: [darwin]
    requiresBuild: true
    dev: true
    optional: true

  /function-bind@1.1.2:
    resolution: {integrity: sha512-7XHNxH7qX9xG5mIwxkhumTox/MIRNcOgDrxWsMt2pAr23WHp6MrRlN7FBSFpCpr+oVO0F744iUgR82nJMfG2SA==}
    dev: true

  /glob@7.2.3:
    resolution: {integrity: sha512-nFR0zLpU2YCaRxwoCJvL6UvCH2JFyFVIvwTLsIf21AuHlMskA1hhTdk+LlYJtOlYt9v6dvszD2BGRqBL+iQK9Q==}
    dependencies:
      fs.realpath: 1.0.0
      inflight: 1.0.6
      inherits: 2.0.4
      minimatch: 3.1.2
      once: 1.4.0
      path-is-absolute: 1.0.1
    dev: true

  /glob@8.1.0:
    resolution: {integrity: sha512-r8hpEjiQEYlF2QU0df3dS+nxxSIreXQS1qRhMJM0Q5NDdR386C7jb7Hwwod8Fgiuex+k0GFjgft18yvxm5XoCQ==}
    engines: {node: '>=12'}
    dependencies:
      fs.realpath: 1.0.0
      inflight: 1.0.6
      inherits: 2.0.4
      minimatch: 5.1.6
      once: 1.4.0
    dev: true

  /google-code-prettify@1.0.5:
    resolution: {integrity: sha512-Y47Bw63zJKCuqTuhTZC1ct4e/0ADuMssxXhnrP8QHq71tE2aYBKG6wQwXr8zya0zIUd0mKN3XTlI5AME4qm6NQ==}
    requiresBuild: true
    dev: false
    optional: true

  /hasown@2.0.0:
    resolution: {integrity: sha512-vUptKVTpIJhcczKBbgnS+RtcuYMB8+oNzPK2/Hp3hanz8JmpATdmmgLgSaadVREkDm+e2giHwY3ZRkyjSIDDFA==}
    engines: {node: '>= 0.4'}
    dependencies:
      function-bind: 1.1.2
    dev: true

  /inflight@1.0.6:
    resolution: {integrity: sha512-k92I/b08q4wvFscXCLvqfsHCrjrF7yiXsQuIVvVE7N82W3+aqpzuUdBbfhWcy/FZR3/4IgflMgKLOsvPDrGCJA==}
    dependencies:
      once: 1.4.0
      wrappy: 1.0.2
    dev: true

  /inherits@2.0.4:
    resolution: {integrity: sha512-k/vGaX4/Yla3WzyMCvTQOXYeIHvqOKtnqBduzTHpzpQZzAskKMhZ2K+EnBiSM9zGSoIFeMpXKxa4dYeZIQqewQ==}
    dev: true

  /interpret@1.4.0:
    resolution: {integrity: sha512-agE4QfB2Lkp9uICn7BAqoscw4SZP9kTE2hxiFI3jBPmXJfdqiahTbUuKGsMoN2GtqL9AxhYioAcVvgsb1HvRbA==}
    engines: {node: '>= 0.10'}
    dev: true

  /is-builtin-module@3.2.1:
    resolution: {integrity: sha512-BSLE3HnV2syZ0FK0iMA/yUGplUeMmNz4AW5fnTunbCIqZi4vG3WjJT9FHMy5D69xmAYBHXQhJdALdpwVxV501A==}
    engines: {node: '>=6'}
    dependencies:
      builtin-modules: 3.3.0
    dev: true

  /is-core-module@2.13.1:
    resolution: {integrity: sha512-hHrIjvZsftOsvKSn2TRYl63zvxsgE0K+0mYMoH6gD4omR5IWB2KynivBQczo3+wF1cCkjzvptnI9Q0sPU66ilw==}
    dependencies:
      hasown: 2.0.0
    dev: true

  /is-module@1.0.0:
    resolution: {integrity: sha512-51ypPSPCoTEIN9dy5Oy+h4pShgJmPCygKfyRCISBI+JoWT/2oJvK8QPxmwv7b/p239jXrm9M1mlQbyKJ5A152g==}
    dev: true

  /is-reference@1.2.1:
    resolution: {integrity: sha512-U82MsXXiFIrjCK4otLT+o2NA2Cd2g5MLoOVXUZjIOhLurrRxpEXzI8O0KZHr3IjLvlAH1kTPYSuqer5T9ZVBKQ==}
    dependencies:
      '@types/estree': 1.0.5
    dev: true

  /jquery-match-height@0.7.2:
    resolution: {integrity: sha512-qSyC0GBc4zUlgBcxfyyumJSVUm50T6XuJEIz59cKaI28VXMUT95mZ6KiIjhMIMbG8IiJhh65FtQO1XD42TAcwg==}
    requiresBuild: true
    dev: false
    optional: true

  /jquery@3.4.1:
    resolution: {integrity: sha512-36+AdBzCL+y6qjw5Tx7HgzeGCzC81MDDgaUP8ld2zhx58HdqXGoBd+tHdrBMiyjGQs0Hxs/MLZTu/eHNJJuWPw==}
    dev: false

  /jquery@3.7.1:
    resolution: {integrity: sha512-m4avr8yL8kmFN8psrbFFFmB/If14iN5o9nw/NgnnM+kybDJpRsAynV2BsfpTYrTRysYUdADVD7CkUUizgkpLfg==}
    dev: false

  /js-tokens@4.0.0:
    resolution: {integrity: sha512-RdJUflcE3cUzKiMqQgsCu06FPu9UdIJO0beYbPhHN4k6apgJtifcoCtT9bcxOpYBtpD2kCM6Sbzg4CausW/PKQ==}
    dev: false

  /loose-envify@1.4.0:
    resolution: {integrity: sha512-lyuxPGr/Wfhrlem2CL/UcnUc1zcqKAImBDzukY7Y5F/yQiNdko6+fRLevlw1HgMySw7f611UIY408EtxRSoK3Q==}
    hasBin: true
    dependencies:
      js-tokens: 4.0.0
    dev: false

  /magic-string@0.30.5:
    resolution: {integrity: sha512-7xlpfBaQaP/T6Vh8MO/EqXSW5En6INHEvEXQiuff7Gku0PWjU3uf6w/j9o7O+SpB5fOAkrI5HeoNgwjEO0pFsA==}
    engines: {node: '>=12'}
    dependencies:
      '@jridgewell/sourcemap-codec': 1.4.15
    dev: true

  /minimatch@3.1.2:
    resolution: {integrity: sha512-J7p63hRiAjw1NDEww1W7i37+ByIrOWO5XQQAzZ3VOcL0PNybwpfmV/N05zFAzwQ9USyEcX6t3UO+K5aqBQOIHw==}
    dependencies:
      brace-expansion: 1.1.11
    dev: true

  /minimatch@5.1.6:
    resolution: {integrity: sha512-lKwV/1brpG6mBUFHtb7NUmtABCb2WZZmm2wNiOA5hAb8VdCS4B3dtMWyvcoViccwAW/COERjXLt0zP1zXUN26g==}
    engines: {node: '>=10'}
    dependencies:
      brace-expansion: 2.0.1
    dev: true

  /minimist@1.2.8:
    resolution: {integrity: sha512-2yyAR8qBkN3YuheJanUpWC5U3bb5osDywNB8RzDVlDwDHbocAJveqqj1u8+SVD7jkWT4yvsHCpWqqWqAxb0zCA==}
    dev: true

  /moment-timezone@0.4.1:
    resolution: {integrity: sha512-5cNPVUwaVJDCe9JM8m/qz17f9SkaI8rpnRUyDJi2K5HAd6EwhuQ3n5nLclZkNC/qJnomKgQH2TIu70Gy2dxFKA==}
    requiresBuild: true
    dependencies:
      moment: 2.29.4
    dev: false
    optional: true

  /moment@2.29.4:
    resolution: {integrity: sha512-5LC9SOxjSc2HF6vO2CyuTDNivEdoz2IvyJJGj6X8DJ0eFyfszE0QiEd+iXmBvUP3WHxSjFH/vIsA0EN00cgr8w==}
    requiresBuild: true
    dev: false
    optional: true

  /object-assign@4.1.1:
    resolution: {integrity: sha512-rJgTQnkUnH1sFw8yT6VSU3zD3sWmu6sZhIseY8VX+GRu3P6F7Fu+JNDoXfklElbLJSnc3FUQHVe4cU5hj+BcUg==}
    engines: {node: '>=0.10.0'}
    dev: false

  /once@1.4.0:
    resolution: {integrity: sha512-lNaJgI+2Q5URQBkccEKHTQOPaXdUxnZZElQTZY0MFUAuaEqe1E+Nyvgdz/aIyNi6Z9MzO5dv1H8n58/GELp3+w==}
    dependencies:
      wrappy: 1.0.2
    dev: true

  /path-is-absolute@1.0.1:
    resolution: {integrity: sha512-AVbw3UJ2e9bq64vSaS9Am0fje1Pa8pbGqTTsmXfaIiMpnr5DlDhfJOuLj9Sf95ZPVDAUerDfEk88MPmPe7UCQg==}
    engines: {node: '>=0.10.0'}
    dev: true

  /path-parse@1.0.7:
    resolution: {integrity: sha512-LDJzPVEEEPR+y48z93A0Ed0yXb8pAByGWo/k5YYdYgpY2/2EsOsksJrq7lOHxryrVOn1ejG6oAp8ahvOIQD8sw==}
    dev: true

  /patternfly-bootstrap-combobox@1.1.7:
    resolution: {integrity: sha512-6KptS6UnS8jOwLuqsjokiNUYjOf3G4bSahiSHhkQMdfvG0b4sZkUgOFWdMJ8zBXaZGVe8T324GQoXqiJdJxMuw==}
    requiresBuild: true
    dev: false
    optional: true

  /patternfly-bootstrap-treeview@2.1.10:
    resolution: {integrity: sha512-P9+iFu34CwX+R5Fd7/EWbxTug0q9mDj53PnZIIh5ie54KX2kD0+54lCWtpD9SVylDwDtDv3n3A6gbFVkx7HsuA==}
    engines: {node: '>= 0.10.0'}
    requiresBuild: true
    dependencies:
      bootstrap: 3.4.1
      jquery: 3.7.1
    dev: false
    optional: true

  /patternfly@3.59.5:
    resolution: {integrity: sha512-SMQynv9eFrWWG0Ujta5+jPjxHdQB3xkTLiDW5VP8XXc0nGUxXb4EnZh21qiMeGGJYaKpu9CzaPEpCvuBxgYWHQ==}
    dependencies:
      bootstrap: 3.4.1
      font-awesome: 4.7.0
      jquery: 3.4.1
    optionalDependencies:
      '@types/c3': 0.6.4
      bootstrap-datepicker: 1.10.0
      bootstrap-sass: 3.4.3
      bootstrap-select: 1.12.2
      bootstrap-slider: 9.10.0
      bootstrap-switch: 3.3.4(bootstrap@3.4.1)(jquery@3.4.1)
      bootstrap-touchspin: 3.1.1
      c3: 0.4.24
      d3: 3.5.17
      datatables.net: 1.13.8
      datatables.net-colreorder: 1.7.0
      datatables.net-colreorder-bs: 1.3.3
      datatables.net-select: 1.2.7
      drmonty-datatables-colvis: 1.1.2
      eonasdan-bootstrap-datetimepicker: 4.17.49(bootstrap@3.4.1)(jquery@3.4.1)(moment-timezone@0.4.1)(moment@2.29.4)
      font-awesome-sass: 4.7.0
      google-code-prettify: 1.0.5
      jquery-match-height: 0.7.2
      moment: 2.29.4
      moment-timezone: 0.4.1
      patternfly-bootstrap-combobox: 1.1.7
      patternfly-bootstrap-treeview: 2.1.10
    dev: false

  /picomatch@2.3.1:
    resolution: {integrity: sha512-JU3teHTNjmE2VCGFzuY8EXzCDVwEqB2a8fsIvwaStHhAWJEeVd1o1QD80CU6+ZdEXXSLbSsuLwJjkCBWqRQUVA==}
    engines: {node: '>=8.6'}
    dev: true

  /popper.js@1.16.1:
    resolution: {integrity: sha512-Wb4p1J4zyFTbM+u6WuO4XstYx4Ky9Cewe4DWrel7B0w6VVICvPwdOpotjzcf6eD8TsckVnIMNONQyPIUFOUbCQ==}
    deprecated: You can find the new Popper v2 at @popperjs/core, this package is dedicated to the legacy v1
    dev: false

  /prop-types-extra@1.1.1(react@18.2.0):
    resolution: {integrity: sha512-59+AHNnHYCdiC+vMwY52WmvP5dM3QLeoumYuEyceQDi9aEhtwN9zIQ2ZNo25sMyXnbh32h+P1ezDsUpUH3JAew==}
    peerDependencies:
      react: '>=0.14.0'
    dependencies:
      react: 18.2.0
      react-is: 16.13.1
      warning: 4.0.3
    dev: false

  /prop-types@15.8.1:
    resolution: {integrity: sha512-oj87CgZICdulUohogVAR7AjlC0327U4el4L6eAvOqCeudMDVU0NThNaV+b9Df4dXgSP1gXMTnPdhfe/2qDH5cg==}
    dependencies:
      loose-envify: 1.4.0
      object-assign: 4.1.1
      react-is: 16.13.1
    dev: false

  /randombytes@2.1.0:
    resolution: {integrity: sha512-vYl3iOX+4CKUWuxGi9Ukhie6fsqXqS9FE2Zaic4tNFD2N2QQaXOMFbuKK4QmDHC0JO6B1Zp41J0LpT0oR68amQ==}
    dependencies:
      safe-buffer: 5.2.1
    dev: true

  /react-dom@18.2.0(react@18.2.0):
    resolution: {integrity: sha512-6IMTriUmvsjHUjNtEDudZfuDQUoWXVxKHhlEGSk81n4YFS+r/Kl99wXiwlVXtPBtJenozv2P+hxDsw9eA7Xo6g==}
    peerDependencies:
      react: ^18.2.0
    dependencies:
      loose-envify: 1.4.0
      react: 18.2.0
      scheduler: 0.23.0
    dev: false

  /react-dropzone@9.0.0(react@18.2.0):
    resolution: {integrity: sha512-wZ2o9B2qkdE3RumWhfyZT9swgJYJPeU5qHEcMU8weYpmLex1eeWX0CC32/Y0VutB+BBi2D+iePV/YZIiB4kZGw==}
    engines: {node: '>= 6'}
    peerDependencies:
      react: '>=0.14.0'
    dependencies:
      attr-accept: 1.1.3
      file-selector: 0.1.19
      prop-types: 15.8.1
      prop-types-extra: 1.1.1(react@18.2.0)
      react: 18.2.0
    dev: false

  /react-is@16.13.1:
    resolution: {integrity: sha512-24e6ynE2H+OKt4kqsOvNd8kBpV65zoxbA4BVsEOB3ARVWQki/DHzaUoC5KuON/BiccDaCCTZBuOcfZs70kR8bQ==}
    dev: false

  /react@18.2.0:
    resolution: {integrity: sha512-/3IjMdb2L9QbBdWiW5e3P2/npwMBaU9mHCSCUzNln0ZCYbcfTsGbTJrU/kGemdH2IWmB2ioZ+zkxtmq6g09fGQ==}
    engines: {node: '>=0.10.0'}
    dependencies:
      loose-envify: 1.4.0
    dev: false

  /rechoir@0.6.2:
    resolution: {integrity: sha512-HFM8rkZ+i3zrV+4LQjwQ0W+ez98pApMGM3HUrN04j3CqzPOzl9nmP15Y8YXNm8QHGv/eacOVEjqhmWpkRV0NAw==}
    engines: {node: '>= 0.10'}
    dependencies:
      resolve: 1.22.8
    dev: true

  /resolve@1.22.8:
    resolution: {integrity: sha512-oKWePCxqpd6FlLvGV1VU0x7bkPmmCNolxzjMf4NczoDnQcIWrAF+cPtZn5i6n+RfD2d9i0tzpKnG6Yk168yIyw==}
    hasBin: true
    dependencies:
      is-core-module: 2.13.1
      path-parse: 1.0.7
      supports-preserve-symlinks-flag: 1.0.0
    dev: true

  /rollup@4.12.0:
    resolution: {integrity: sha512-wz66wn4t1OHIJw3+XU7mJJQV/2NAfw5OAk6G6Hoo3zcvz/XOfQ52Vgi+AN4Uxoxi0KBBwk2g8zPrTDA4btSB/Q==}
    engines: {node: '>=18.0.0', npm: '>=8.0.0'}
    hasBin: true
    dependencies:
      '@types/estree': 1.0.5
    optionalDependencies:
      '@rollup/rollup-android-arm-eabi': 4.12.0
      '@rollup/rollup-android-arm64': 4.12.0
      '@rollup/rollup-darwin-arm64': 4.12.0
      '@rollup/rollup-darwin-x64': 4.12.0
      '@rollup/rollup-linux-arm-gnueabihf': 4.12.0
      '@rollup/rollup-linux-arm64-gnu': 4.12.0
      '@rollup/rollup-linux-arm64-musl': 4.12.0
      '@rollup/rollup-linux-riscv64-gnu': 4.12.0
      '@rollup/rollup-linux-x64-gnu': 4.12.0
      '@rollup/rollup-linux-x64-musl': 4.12.0
      '@rollup/rollup-win32-arm64-msvc': 4.12.0
      '@rollup/rollup-win32-ia32-msvc': 4.12.0
      '@rollup/rollup-win32-x64-msvc': 4.12.0
      fsevents: 2.3.3
    dev: true

  /safe-buffer@5.2.1:
    resolution: {integrity: sha512-rp3So07KcdmmKbGvgaNxQSJr7bGVSVk5S9Eq1F+ppbRo70+YeaDxkw5Dd8NPN+GD6bjnYm2VuPuCXmpuYvmCXQ==}
    dev: true

  /scheduler@0.23.0:
    resolution: {integrity: sha512-CtuThmgHNg7zIZWAXi3AsyIzA3n4xx7aNyjwC2VJldO2LMVDhFK+63xGqq6CsJH4rTAt6/M+N4GhZiDYPx9eUw==}
    dependencies:
      loose-envify: 1.4.0
    dev: false

  /serialize-javascript@6.0.1:
    resolution: {integrity: sha512-owoXEFjWRllis8/M1Q+Cw5k8ZH40e3zhp/ovX+Xr/vi1qj6QesbyXXViFbpNvWvPNAD62SutwEXavefrLJWj7w==}
    dependencies:
      randombytes: 2.1.0
    dev: true

  /shelljs@0.8.5:
    resolution: {integrity: sha512-TiwcRcrkhHvbrZbnRcFYMLl30Dfov3HKqzp5tO5b4pt6G/SezKcYhmDg15zXVBswHmctSAQKznqNW2LO5tTDow==}
    engines: {node: '>=4'}
    hasBin: true
    dependencies:
      glob: 7.2.3
      interpret: 1.4.0
      rechoir: 0.6.2
    dev: true

  /shx@0.3.4:
    resolution: {integrity: sha512-N6A9MLVqjxZYcVn8hLmtneQWIJtp8IKzMP4eMnx+nqkvXoqinUPCbUFLp2UcWTEIUONhlk0ewxr/jaVGlc+J+g==}
    engines: {node: '>=6'}
    hasBin: true
    dependencies:
      minimist: 1.2.8
      shelljs: 0.8.5
    dev: true

  /smob@1.4.1:
    resolution: {integrity: sha512-9LK+E7Hv5R9u4g4C3p+jjLstaLe11MDsL21UpYaCNmapvMkYhqCV4A/f/3gyH8QjMyh6l68q9xC85vihY9ahMQ==}
    dev: true

  /source-map-support@0.5.21:
    resolution: {integrity: sha512-uBHU3L3czsIyYXKX88fdrGovxdSCoTGDRZ6SYXtSRxLZUzHg5P/66Ht6uoUlHu9EZod+inXhKo3qQgwXUT/y1w==}
    dependencies:
      buffer-from: 1.1.2
      source-map: 0.6.1
    dev: true

  /source-map@0.6.1:
    resolution: {integrity: sha512-UjgapumWlbMhkBgzT7Ykc5YXUT46F0iKu8SGXq0bcwP5dz/h0Plj6enJqjz1Zbq2l5WaqYnrVbwWOWMyF3F47g==}
    engines: {node: '>=0.10.0'}
    dev: true

  /supports-preserve-symlinks-flag@1.0.0:
    resolution: {integrity: sha512-ot0WnXS9fgdkgIcePe6RHNk1WA8+muPa6cSjeR3V8K27q9BB1rTE3R1p7Hv0z1ZyAc8s6Vvv8DIyWf681MAt0w==}
    engines: {node: '>= 0.4'}
    dev: true

  /tabbable@5.3.3:
    resolution: {integrity: sha512-QD9qKY3StfbZqWOPLp0++pOrAVb/HbUi5xCc8cUo4XjP19808oaMiDzn0leBY5mCespIBM0CIZePzZjgzR83kA==}
    dev: false

  /terser@5.24.0:
    resolution: {integrity: sha512-ZpGR4Hy3+wBEzVEnHvstMvqpD/nABNelQn/z2r0fjVWGQsN3bpOLzQlqDxmb4CDZnXq5lpjnQ+mHQLAOpfM5iw==}
    engines: {node: '>=10'}
    hasBin: true
    dependencies:
      '@jridgewell/source-map': 0.3.5
      acorn: 8.11.2
      commander: 2.20.3
      source-map-support: 0.5.21
    dev: true

  /tippy.js@5.1.2:
    resolution: {integrity: sha512-Qtrv2wqbRbaKMUb6bWWBQWPayvcDKNrGlvihxtsyowhT7RLGEh1STWuy6EMXC6QLkfKPB2MLnf8W2mzql9VDAw==}
    dependencies:
      popper.js: 1.16.1
    dev: false

  /tslib@2.6.2:
    resolution: {integrity: sha512-AEYxH93jGFPn/a2iVAwW87VuUIkR1FVUKB77NwMF7nBTDkDrrT/Hpt/IrCJ0QXhW27jTBDcf5ZY7w6RiqTMw2Q==}
    dev: false

  /warning@4.0.3:
    resolution: {integrity: sha512-rpJyN222KWIvHJ/F53XSZv0Zl/accqHR8et1kpaMTD/fLCRxtV8iX8czMzY7sVZupTI3zcUTg8eycS2kNF9l6w==}
    dependencies:
      loose-envify: 1.4.0
    dev: false

  /wrappy@1.0.2:
    resolution: {integrity: sha512-l4Sp/DRseor9wL6EvV2+TuQn63dMkPjZ/sp9XkghTEbV9KlPS1xUsZ3u7/IQO4wxtcFB4bgpQPRcR3QCvezPcQ==}
    dev: true
