{
  "name": "keycloak-preview",
  "version": "1.0.0",
  "lockfileVersion": 1,
  "requires": true,
  "dependencies": {
    "@types/c3": {
      "version": "0.6.2",
      "resolved": "https://registry.npmjs.org/@types/c3/-/c3-0.6.2.tgz",
      "integrity": "sha512-l86MGOQLqwMkxU0WzEVGCtsQsGBHSFGMWXSu+cFr+wYcIkUAjQhp5ANluTWgGtltNadaGwyv33Qwwzfq0QKaIg==",
      "optional": true,
      "requires": {
        "@types/d3": "^4"
      }
    },
    "@types/d3": {
      "version": "4.13.0",
      "resolved": "https://registry.npmjs.org/@types/d3/-/d3-4.13.0.tgz",
      "integrity": "sha512-L7C+aOIl+z/e7pPBvRXxA9EZ8a5RIZSq4UnTgdjCnypYV3bPI1wpx81snC8pE1zB4SZQC/WK4noZUHzWAABfBA==",
      "optional": true,
      "requires": {
        "@types/d3-array": "*",
        "@types/d3-axis": "*",
        "@types/d3-brush": "*",
        "@types/d3-chord": "*",
        "@types/d3-collection": "*",
        "@types/d3-color": "*",
        "@types/d3-dispatch": "*",
        "@types/d3-drag": "*",
        "@types/d3-dsv": "*",
        "@types/d3-ease": "*",
        "@types/d3-force": "*",
        "@types/d3-format": "*",
        "@types/d3-geo": "*",
        "@types/d3-hierarchy": "*",
        "@types/d3-interpolate": "*",
        "@types/d3-path": "*",
        "@types/d3-polygon": "*",
        "@types/d3-quadtree": "*",
        "@types/d3-queue": "*",
        "@types/d3-random": "*",
        "@types/d3-request": "*",
        "@types/d3-scale": "^1",
        "@types/d3-selection": "*",
        "@types/d3-shape": "*",
        "@types/d3-time": "*",
        "@types/d3-time-format": "*",
        "@types/d3-timer": "*",
        "@types/d3-transition": "*",
        "@types/d3-voronoi": "*",
        "@types/d3-zoom": "*"
      }
    },
    "@types/d3-array": {
      "version": "1.2.2",
      "resolved": "https://registry.npmjs.org/@types/d3-array/-/d3-array-1.2.2.tgz",
      "integrity": "sha512-juoqZ4j/ZPC52AoCjbxiNOGAXudj+69w08ln4cpQIubQfIrHNIptPVYkG6IELEY9Iw/q/PMwKLhk6HYcYk7bOA==",
      "optional": true
    },
    "@types/d3-axis": {
      "version": "1.0.11",
      "resolved": "https://registry.npmjs.org/@types/d3-axis/-/d3-axis-1.0.11.tgz",
      "integrity": "sha512-cuigApCyCwYJxaQPghj+BqaxzbdRdT/lpZBMtF7EuEIJ61NMQ8yvGnqFvHCIgJEmUu2Wb2wiZqy9kiHi3Ddftg==",
      "optional": true,
      "requires": {
        "@types/d3-selection": "*"
      }
    },
    "@types/d3-brush": {
      "version": "1.0.9",
      "resolved": "https://registry.npmjs.org/@types/d3-brush/-/d3-brush-1.0.9.tgz",
      "integrity": "sha512-mAx8IVc0luUHfk51pl0UN1vzybnAzLMUsvIwLt3fbsqqPkSXr+Pu1AxOPPeyNc27LhHJnfH/LCV7Jlv+Yzqu1A==",
      "optional": true,
      "requires": {
        "@types/d3-selection": "*"
      }
    },
    "@types/d3-chord": {
      "version": "1.0.8",
      "resolved": "https://registry.npmjs.org/@types/d3-chord/-/d3-chord-1.0.8.tgz",
      "integrity": "sha512-F0ftYOo7FenAIxsRjXLt8vbij0NLDuVcL+xaGY7R9jUmF2Mrpj1T5XukBI9Cad+Ei7YSxEWREIO+CYcaKCl2qQ==",
      "optional": true
    },
    "@types/d3-collection": {
      "version": "1.0.7",
      "resolved": "https://registry.npmjs.org/@types/d3-collection/-/d3-collection-1.0.7.tgz",
      "integrity": "sha512-vR3BT0GwHc5y93Jv6bxn3zoxP/vGu+GdXu/r1ApjbP9dLk9I2g6NiV7iP/QMQSuFZd0It0n/qWrfXHxCWwHIkg==",
      "optional": true
    },
    "@types/d3-color": {
      "version": "1.2.1",
      "resolved": "https://registry.npmjs.org/@types/d3-color/-/d3-color-1.2.1.tgz",
      "integrity": "sha512-xwb1tqvYNWllbHuhMFhiXk63Imf+QNq/dJdmbXmr2wQVnwGenCuj3/0IWJ9hdIFQIqzvhT7T37cvx93jtAsDbQ=="
    },
    "@types/d3-dispatch": {
      "version": "1.0.6",
      "resolved": "https://registry.npmjs.org/@types/d3-dispatch/-/d3-dispatch-1.0.6.tgz",
      "integrity": "sha512-xyWJQMr832vqhu6fD/YqX+MSFBWnkxasNhcStvlhqygXxj0cKqPft0wuGoH5TIq5ADXgP83qeNVa4R7bEYN3uA==",
      "optional": true
    },
    "@types/d3-drag": {
      "version": "1.2.1",
      "resolved": "https://registry.npmjs.org/@types/d3-drag/-/d3-drag-1.2.1.tgz",
      "integrity": "sha512-J9liJ4NNeV0oN40MzPiqwWjqNi3YHCRtHNfNMZ1d3uL9yh1+vDuo346LBEr8yyBm30WHvrHssAkExVZrGCswtA==",
      "optional": true,
      "requires": {
        "@types/d3-selection": "*"
      }
    },
    "@types/d3-dsv": {
      "version": "1.0.33",
      "resolved": "https://registry.npmjs.org/@types/d3-dsv/-/d3-dsv-1.0.33.tgz",
      "integrity": "sha512-jx5YvaVC3Wfh6LobaiWTeU1NkvL2wPmmpmajk618bD+xVz98yNWzmZMvmlPHGK0HXbMeHmW/6oVX48V9AH1bRQ=="
    },
    "@types/d3-ease": {
      "version": "1.0.7",
      "resolved": "https://registry.npmjs.org/@types/d3-ease/-/d3-ease-1.0.7.tgz",
      "integrity": "sha1-k6MBhovp4VBh89RDQ7GrP4rLbwk=",
      "optional": true
    },
    "@types/d3-force": {
      "version": "1.1.1",
      "resolved": "https://registry.npmjs.org/@types/d3-force/-/d3-force-1.1.1.tgz",
      "integrity": "sha512-ePkELuaFWY4yOuf+Bvx5Xd+ihFiYG4bdnW0BlvigovIm8Sob2t76e9RGO6lybQbv6AlW9Icn9HuZ9fmdzEoJyg==",
      "optional": true
    },
    "@types/d3-format": {
      "version": "1.3.0",
      "resolved": "https://registry.npmjs.org/@types/d3-format/-/d3-format-1.3.0.tgz",
      "integrity": "sha512-ZiY4j3iJvAdOwzwW24WjlZbUNvqOsnPAMfPBmdXqxj3uKJbrzBlRrdGl5uC89pZpFs9Dc92E81KcwG2uEgkIZA==",
      "optional": true
    },
    "@types/d3-geo": {
      "version": "1.10.3",
      "resolved": "https://registry.npmjs.org/@types/d3-geo/-/d3-geo-1.10.3.tgz",
      "integrity": "sha512-hfdaxM2L0wA9mDZrrSf2o+DyhEpnJYCiAN+lHFtpfZOVCQrYBA5g33sGRpUbAvjSMyO5jkHbftMWPEhuCMChSg==",
      "optional": true,
      "requires": {
        "@types/geojson": "*"
      }
    },
    "@types/d3-hierarchy": {
      "version": "1.1.4",
      "resolved": "https://registry.npmjs.org/@types/d3-hierarchy/-/d3-hierarchy-1.1.4.tgz",
      "integrity": "sha512-+d2VLfLPgW66VB7k56T8tC4LobfS6Rrhm+1pmYPMmlCpO5rccJLuwux7YXl/eGVst3Bhb5PJTN5/oaJERpNw8g==",
      "optional": true
    },
    "@types/d3-interpolate": {
      "version": "1.3.0",
      "resolved": "https://registry.npmjs.org/@types/d3-interpolate/-/d3-interpolate-1.3.0.tgz",
      "integrity": "sha512-Ng4ds7kPSvP/c3W3J5PPUQlgewif1tGBqCeh5lgY+UG82Y7H9zQ8c2gILsEFDLg7wRGOwnuKZ940Q/LSN14w9w==",
      "requires": {
        "@types/d3-color": "*"
      }
    },
    "@types/d3-path": {
      "version": "1.0.7",
      "resolved": "https://registry.npmjs.org/@types/d3-path/-/d3-path-1.0.7.tgz",
      "integrity": "sha512-U8dFRG+8WhkLJr2sxZ9Cw/5WeRgBnNqMxGdA1+Z0+ZG6tK0s75OQ4OXnxeyfKuh6E4wQPY8OAKr1+iNDx01BEQ=="
    },
    "@types/d3-polygon": {
      "version": "1.0.6",
      "resolved": "https://registry.npmjs.org/@types/d3-polygon/-/d3-polygon-1.0.6.tgz",
      "integrity": "sha512-E6Kyodn9JThgLq20nxSbEce9ow5/ePgm9PX2EO6W1INIL4DayM7cFaiG10DStuamjYAd0X4rntW2q+GRjiIktw==",
      "optional": true
    },
    "@types/d3-quadtree": {
      "version": "1.0.6",
      "resolved": "https://registry.npmjs.org/@types/d3-quadtree/-/d3-quadtree-1.0.6.tgz",
      "integrity": "sha512-sphVuDdiSIaxLt9kQgebJW98pTktQ/xuN7Ysd8X68Rnjeg/q8+c36/ShlqU52qoKg9nob/JEHH1uQMdxURZidQ==",
      "optional": true
    },
    "@types/d3-queue": {
      "version": "3.0.7",
      "resolved": "https://registry.npmjs.org/@types/d3-queue/-/d3-queue-3.0.7.tgz",
      "integrity": "sha512-nBbDO69wu1TUWqtGYAePw40jSPcQSt5VwAf7403vYopVCs3Rtbt5f47j2wbuMY4Z2x543VbTIlDo5gwdpV5O+Q==",
      "optional": true
    },
    "@types/d3-random": {
      "version": "1.1.1",
      "resolved": "https://registry.npmjs.org/@types/d3-random/-/d3-random-1.1.1.tgz",
      "integrity": "sha512-jUPeBq1XKK9/5XasTvy5QAUwFeMsjma2yt/nP02yC2Tijovx7i/W5776U/HZugxc5SSmtpx4Z3g9KFVon0QrjQ==",
      "optional": true
    },
    "@types/d3-request": {
      "version": "1.0.3",
      "resolved": "https://registry.npmjs.org/@types/d3-request/-/d3-request-1.0.3.tgz",
      "integrity": "sha512-bopZVggPNk7RYeuktk8LA5wmqA+9wDZPA+g4kX79sHScjNR85cSDg9oK26k8QBtbCld+/gMD44aSzRRVWjkxGw==",
      "optional": true,
      "requires": {
        "@types/d3-dsv": "*"
      }
    },
    "@types/d3-scale": {
      "version": "1.0.14",
      "resolved": "https://registry.npmjs.org/@types/d3-scale/-/d3-scale-1.0.14.tgz",
      "integrity": "sha512-dW6Ii8bH+10klJzVVPPeeQvRpCbX3BO3x9cLTngu/+lXNDbk2uC51aFAA/XhocehZroaG5ajwAFelMFsgpClMg==",
      "optional": true,
      "requires": {
        "@types/d3-time": "*"
      }
    },
    "@types/d3-selection": {
      "version": "1.3.2",
      "resolved": "https://registry.npmjs.org/@types/d3-selection/-/d3-selection-1.3.2.tgz",
      "integrity": "sha512-K23sDOi7yMussv7aiqk097IWWbjFYbJpcDppQAcaf6DfmHxAsjr+6N4HJGokETLDuV7y/qJeeIJINPnkWJM5Hg=="
    },
    "@types/d3-shape": {
      "version": "1.2.4",
      "resolved": "https://registry.npmjs.org/@types/d3-shape/-/d3-shape-1.2.4.tgz",
      "integrity": "sha512-X4Xq2mpChPIMDMAXwLfxHKLbqv+sowkJ94bENeSMqqhQJ5v4oXuoyLo0vnIkydVbuQ52ZwPplk219K0m2HJODg==",
      "optional": true,
      "requires": {
        "@types/d3-path": "*"
      }
    },
    "@types/d3-time": {
      "version": "1.0.9",
      "resolved": "https://registry.npmjs.org/@types/d3-time/-/d3-time-1.0.9.tgz",
      "integrity": "sha512-m+D4NbQdDlTVaO7QgXAnatR3IDxQYDMBtRhgSCi5rs9R1LPq1y7/2aqa1FJ2IWjFm1mOV63swDxonnCDlHgHMA=="
    },
    "@types/d3-time-format": {
      "version": "2.1.0",
      "resolved": "https://registry.npmjs.org/@types/d3-time-format/-/d3-time-format-2.1.0.tgz",
      "integrity": "sha512-/myT3I7EwlukNOX2xVdMzb8FRgNzRMpsZddwst9Ld/VFe6LyJyRp0s32l/V9XoUzk+Gqu56F/oGk6507+8BxrA==",
      "optional": true
    },
    "@types/d3-timer": {
      "version": "1.0.8",
      "resolved": "https://registry.npmjs.org/@types/d3-timer/-/d3-timer-1.0.8.tgz",
      "integrity": "sha512-AKUgQ/nljUFcUO2P3gK24weVI5XwUTdJvjoh8gJ0yxT4aJ+d7t2Or3TB+k9dEYl14BAjoj32D0ky+YzQSVszfg==",
      "optional": true
    },
    "@types/d3-transition": {
      "version": "1.1.3",
      "resolved": "https://registry.npmjs.org/@types/d3-transition/-/d3-transition-1.1.3.tgz",
      "integrity": "sha512-1EukXNuVu/z2G1GZpZagzFJnie9C5zze17ox/vhTgGXNy46rYAm4UkhLLlUeeZ1ndq88k95SOeC8898RpKMLOQ==",
      "optional": true,
      "requires": {
        "@types/d3-selection": "*"
      }
    },
    "@types/d3-voronoi": {
      "version": "1.1.8",
      "resolved": "https://registry.npmjs.org/@types/d3-voronoi/-/d3-voronoi-1.1.8.tgz",
      "integrity": "sha512-zqNhW7QsYQGlfOdrwPNPG3Wk64zUa4epKRurkJ/dVc6oeXrB+iTDt8sRZ0KZKOOXvvfa1dcdB0e45TZeLBiodQ==",
      "optional": true
    },
    "@types/d3-zoom": {
      "version": "1.7.2",
      "resolved": "https://registry.npmjs.org/@types/d3-zoom/-/d3-zoom-1.7.2.tgz",
      "integrity": "sha512-/ORNUzQ0g7h2f34L/hD1o+IytOjpNLwEf403yKmYAA+z3LC8eCH6xCKaCc0weuCWwiaZ2UqBW41Y6ciqjd+ndQ==",
      "optional": true,
      "requires": {
        "@types/d3-interpolate": "*",
        "@types/d3-selection": "*"
      }
    },
    "@types/geojson": {
      "version": "7946.0.4",
      "resolved": "https://registry.npmjs.org/@types/geojson/-/geojson-7946.0.4.tgz",
      "integrity": "sha512-MHmwBtCb7OCv1DSivz2UNJXPGU/1btAWRKlqJ2saEhVJkpkvqHMMaOpKg0v4sAbDWSQekHGvPVMM8nQ+Jen03Q==",
      "optional": true
    },
    "@types/history": {
      "version": "4.7.2",
      "resolved": "https://registry.npmjs.org/@types/history/-/history-4.7.2.tgz",
      "integrity": "sha512-ui3WwXmjTaY73fOQ3/m3nnajU/Orhi6cEu5rzX+BrAAJxa3eITXZ5ch9suPqtM03OWhAHhPSyBGCN4UKoxO20Q==",
      "dev": true
    },
    "@types/node": {
      "version": "10.11.3",
      "resolved": "https://registry.npmjs.org/@types/node/-/node-10.11.3.tgz",
      "integrity": "sha512-3AvcEJAh9EMatxs+OxAlvAEs7OTy6AG94mcH1iqyVDwVVndekLxzwkWQ/Z4SDbY6GO2oyUXyWW8tQ4rENSSQVQ==",
      "dev": true
    },
    "@types/prop-types": {
      "version": "15.5.6",
      "resolved": "https://registry.npmjs.org/@types/prop-types/-/prop-types-15.5.6.tgz",
      "integrity": "sha512-ZBFR7TROLVzCkswA3Fmqq+IIJt62/T7aY/Dmz+QkU7CaW2QFqAitCE8Ups7IzmGhcN1YWMBT4Qcoc07jU9hOJQ==",
      "dev": true
    },
    "@types/react": {
      "version": "16.4.14",
      "resolved": "https://registry.npmjs.org/@types/react/-/react-16.4.14.tgz",
      "integrity": "sha512-Gh8irag2dbZ2K6vPn+S8+LNrULuG3zlCgJjVUrvuiUK7waw9d9CFk2A/tZFyGhcMDUyO7tznbx1ZasqlAGjHxA==",
      "dev": true,
      "requires": {
        "@types/prop-types": "*",
        "csstype": "^2.2.0"
      }
    },
    "@types/react-dom": {
      "version": "16.0.8",
      "resolved": "https://registry.npmjs.org/@types/react-dom/-/react-dom-16.0.8.tgz",
      "integrity": "sha512-WF/KAOia7pskV+J8f+UlNuFeCRkJuJAkyyeYPPtNe6suw0y7cWyUP/DPdPXsGUwQEkv2qlLVSrgVaoCm/PmO0Q==",
      "dev": true,
      "requires": {
        "@types/node": "*",
        "@types/react": "*"
      }
    },
    "@types/react-router": {
      "version": "4.4.1",
      "resolved": "https://registry.npmjs.org/@types/react-router/-/react-router-4.4.1.tgz",
      "integrity": "sha512-CtQfdcXyMye3vflnQQ2sHU832iDJRoAr4P+7f964KlLYupXU1I5crP1+d/WnCMo6mmtjBjqQvxrtbAbodqerMA==",
      "dev": true,
      "requires": {
        "@types/history": "*",
        "@types/react": "*"
      }
    },
    "@types/react-router-dom": {
      "version": "4.3.1",
      "resolved": "https://registry.npmjs.org/@types/react-router-dom/-/react-router-dom-4.3.1.tgz",
      "integrity": "sha512-GbztJAScOmQ/7RsQfO4cd55RuH1W4g6V1gDW3j4riLlt+8yxYLqqsiMzmyuXBLzdFmDtX/uU2Bpcm0cmudv44A==",
      "dev": true,
      "requires": {
        "@types/history": "*",
        "@types/react": "*",
        "@types/react-router": "*"
      }
    },
    "axios": {
      "version": "0.18.0",
      "resolved": "http://registry.npmjs.org/axios/-/axios-0.18.0.tgz",
      "integrity": "sha1-MtU+SFHv3AoRmTts0AB4nXDAUQI=",
      "requires": {
        "follow-redirects": "^1.3.0",
        "is-buffer": "^1.1.5"
      }
    },
    "bootstrap": {
      "version": "4.1.3",
      "resolved": "https://registry.npmjs.org/bootstrap/-/bootstrap-4.1.3.tgz",
      "integrity": "sha512-rDFIzgXcof0jDyjNosjv4Sno77X4KuPeFxG2XZZv1/Kc8DRVGVADdoQyyOVDwPqL36DDmtCQbrpMCqvpPLJQ0w=="
    },
    "bootstrap-datepicker": {
      "version": "1.8.0",
      "resolved": "https://registry.npmjs.org/bootstrap-datepicker/-/bootstrap-datepicker-1.8.0.tgz",
      "integrity": "sha512-213St/G8KT3mjs4qu4qwww74KWysMaIeqgq5OhrboZjIjemIpyuxlSo9FNNI5+KzpkkxkRRba+oewiRGV42B1A==",
      "optional": true,
      "requires": {
        "jquery": ">=1.7.1 <4.0.0"
      }
    },
    "bootstrap-sass": {
      "version": "3.3.7",
      "resolved": "https://registry.npmjs.org/bootstrap-sass/-/bootstrap-sass-3.3.7.tgz",
      "integrity": "sha1-ZZbHq0D2Y3OTMjqwvIDQZPxjBJg=",
      "optional": true
    },
    "bootstrap-select": {
      "version": "1.12.2",
      "resolved": "https://registry.npmjs.org/bootstrap-select/-/bootstrap-select-1.12.2.tgz",
      "integrity": "sha1-WNCVs/1YSzFEOGb745tv3U5OEqQ=",
      "optional": true,
      "requires": {
        "jquery": ">=1.8"
      }
    },
    "bootstrap-slider": {
      "version": "9.10.0",
      "resolved": "https://registry.npmjs.org/bootstrap-slider/-/bootstrap-slider-9.10.0.tgz",
      "integrity": "sha1-EQPWvADPv6jPyaJZmrUYxVZD2j8=",
      "optional": true
    },
    "bootstrap-switch": {
      "version": "3.3.4",
      "resolved": "https://registry.npmjs.org/bootstrap-switch/-/bootstrap-switch-3.3.4.tgz",
      "integrity": "sha1-cOCusqh3wNx2aZHeEI4hcPwpov8=",
      "optional": true
    },
    "bootstrap-touchspin": {
      "version": "3.1.1",
      "resolved": "https://registry.npmjs.org/bootstrap-touchspin/-/bootstrap-touchspin-3.1.1.tgz",
      "integrity": "sha1-l3nerHKq9Xfl52K4USx0fIcdlZc=",
      "optional": true
    },
    "c3": {
      "version": "0.4.23",
      "resolved": "https://registry.npmjs.org/c3/-/c3-0.4.23.tgz",
      "integrity": "sha512-fI6hbx1QoATU0gRQtPWsUGWX+ssXhxGH1ogew32KjVmGHFE4WmfmBkh+RkuHDoeCIoGFon7XTpKcwUZpBGW4mQ==",
      "optional": true,
      "requires": {
        "d3": "~3.5.0"
      }
    },
    "csstype": {
      "version": "2.5.7",
      "resolved": "https://registry.npmjs.org/csstype/-/csstype-2.5.7.tgz",
      "integrity": "sha512-Nt5VDyOTIIV4/nRFswoCKps1R5CD1hkiyjBE9/thNaNZILLEviVw9yWQw15+O+CpNjQKB/uvdcxFFOrSflY3Yw==",
      "dev": true
    },
    "d3": {
      "version": "3.5.17",
      "resolved": "https://registry.npmjs.org/d3/-/d3-3.5.17.tgz",
      "integrity": "sha1-vEZ0gAQ3iyGjYMn8fPUjF5B2L7g=",
      "optional": true
    },
    "datatables.net": {
      "version": "1.10.19",
      "resolved": "https://registry.npmjs.org/datatables.net/-/datatables.net-1.10.19.tgz",
      "integrity": "sha512-+ljXcI6Pj3PTGy5pesp3E5Dr3x3AV45EZe0o1r0gKENN2gafBKXodVnk2ypKwl2tTmivjxbkiqoWnipTefyBTA==",
      "requires": {
        "jquery": ">=1.7"
      }
    },
    "datatables.net-bs": {
      "version": "1.10.19",
      "resolved": "https://registry.npmjs.org/datatables.net-bs/-/datatables.net-bs-1.10.19.tgz",
      "integrity": "sha512-5gxoI2n+duZP06+4xVC2TtH6zcY369/TRKTZ1DdSgDcDUl4OYQsrXCuaLJmbVzna/5Y5lrMmK7CxgvYgIynICA==",
      "optional": true,
      "requires": {
        "datatables.net": "1.10.19",
        "jquery": ">=1.7"
      }
    },
    "datatables.net-colreorder": {
      "version": "1.5.1",
      "resolved": "https://registry.npmjs.org/datatables.net-colreorder/-/datatables.net-colreorder-1.5.1.tgz",
      "integrity": "sha512-nKV0ZBOdOG+CCrtDZZlTOvhu9NC53pr4rYR8Xhd3KIKipLZohWWdBoOFGMu+VKDvllg2Xj79oS/wicYSiNyteA==",
      "optional": true,
      "requires": {
        "datatables.net": "^1.10.15",
        "jquery": ">=1.7"
      }
    },
    "datatables.net-colreorder-bs": {
      "version": "1.3.3",
      "resolved": "https://registry.npmjs.org/datatables.net-colreorder-bs/-/datatables.net-colreorder-bs-1.3.3.tgz",
      "integrity": "sha1-Op3LCN7r612FQHlZHgbkk615OlM=",
      "optional": true,
      "requires": {
        "datatables.net-bs": ">=1.10.9",
        "datatables.net-colreorder": ">=1.2.0",
        "jquery": ">=1.7"
      }
    },
    "datatables.net-select": {
      "version": "1.2.7",
      "resolved": "https://registry.npmjs.org/datatables.net-select/-/datatables.net-select-1.2.7.tgz",
      "integrity": "sha512-C3XDi7wpruGjDXV36dc9hN/FrAX9GOFvBZ7+KfKJTBNkGFbbhdzHS91SMeGiwRXPYivAyxfPTcVVndVaO83uBQ==",
      "optional": true,
      "requires": {
        "datatables.net": "^1.10.15",
        "jquery": ">=1.7"
      }
    },
    "debug": {
      "version": "3.1.0",
      "resolved": "https://registry.npmjs.org/debug/-/debug-3.1.0.tgz",
      "integrity": "sha512-OX8XqP7/1a9cqkxYw2yXss15f26NKWBpDXQd0/uK/KPqdQhxbPa994hnzjcE2VqQpDslf55723cKPUOGSmMY3g==",
      "requires": {
        "ms": "2.0.0"
      }
    },
    "drmonty-datatables-colvis": {
      "version": "1.1.2",
      "resolved": "https://registry.npmjs.org/drmonty-datatables-colvis/-/drmonty-datatables-colvis-1.1.2.tgz",
      "integrity": "sha1-lque37SGQ8wu3aP4e4iTPN7oEnw=",
      "optional": true,
      "requires": {
        "jquery": ">=1.7.0"
      }
    },
    "eonasdan-bootstrap-datetimepicker": {
      "version": "4.17.47",
      "resolved": "https://registry.npmjs.org/eonasdan-bootstrap-datetimepicker/-/eonasdan-bootstrap-datetimepicker-4.17.47.tgz",
      "integrity": "sha1-ekmXAEQGUnbnll79Fvgic1IZ5zU=",
      "optional": true,
      "requires": {
        "bootstrap": "^3.3",
        "jquery": "^1.8.3 || ^2.0 || ^3.0",
        "moment": "^2.10",
        "moment-timezone": "^0.4.0"
      },
      "dependencies": {
        "bootstrap": {
          "version": "3.3.7",
          "resolved": "https://registry.npmjs.org/bootstrap/-/bootstrap-3.3.7.tgz",
          "integrity": "sha1-WjiTlFSfIzMIdaOxUGVldPip63E=",
          "optional": true
        }
      }
    },
    "follow-redirects": {
      "version": "1.5.9",
      "resolved": "https://registry.npmjs.org/follow-redirects/-/follow-redirects-1.5.9.tgz",
      "integrity": "sha512-Bh65EZI/RU8nx0wbYF9shkFZlqLP+6WT/5FnA3cE/djNSuKNHJEinGGZgu/cQEkeeb2GdFOgenAmn8qaqYke2w==",
      "requires": {
        "debug": "=3.1.0"
      }
    },
    "font-awesome": {
      "version": "4.7.0",
      "resolved": "https://registry.npmjs.org/font-awesome/-/font-awesome-4.7.0.tgz",
      "integrity": "sha1-j6jPBBGhoxr9B7BtKQK7n8gVoTM="
    },
    "font-awesome-sass": {
      "version": "4.7.0",
      "resolved": "https://registry.npmjs.org/font-awesome-sass/-/font-awesome-sass-4.7.0.tgz",
      "integrity": "sha1-TtppPpFQCc4Asijglk3F7Km8NOE=",
      "optional": true
    },
    "google-code-prettify": {
      "version": "1.0.5",
      "resolved": "https://registry.npmjs.org/google-code-prettify/-/google-code-prettify-1.0.5.tgz",
      "integrity": "sha1-n0d/Ik2/piNy5e+AOn4VdBBAAIQ=",
      "optional": true
    },
    "history": {
      "version": "4.7.2",
      "resolved": "https://registry.npmjs.org/history/-/history-4.7.2.tgz",
      "integrity": "sha512-1zkBRWW6XweO0NBcjiphtVJVsIQ+SXF29z9DVkceeaSLVMFXHool+fdCZD4spDCfZJCILPILc3bm7Bc+HRi0nA==",
      "requires": {
        "invariant": "^2.2.1",
        "loose-envify": "^1.2.0",
        "resolve-pathname": "^2.2.0",
        "value-equal": "^0.4.0",
        "warning": "^3.0.0"
      },
      "dependencies": {
        "warning": {
          "version": "3.0.0",
          "resolved": "https://registry.npmjs.org/warning/-/warning-3.0.0.tgz",
          "integrity": "sha1-MuU3fLVy3kqwR1O9+IIcAe1gW3w=",
          "requires": {
            "loose-envify": "^1.0.0"
          }
        }
      }
    },
    "hoist-non-react-statics": {
      "version": "2.5.5",
      "resolved": "https://registry.npmjs.org/hoist-non-react-statics/-/hoist-non-react-statics-2.5.5.tgz",
      "integrity": "sha512-rqcy4pJo55FTTLWt+bU8ukscqHeE/e9KWvsOW2b/a3afxQZhwkQdT1rPPCJ0rYXdj4vNcasY8zHTH+jF/qStxw=="
    },
    "invariant": {
      "version": "2.2.4",
      "resolved": "https://registry.npmjs.org/invariant/-/invariant-2.2.4.tgz",
      "integrity": "sha512-phJfQVBuaJM5raOpJjSfkiD6BpbCE4Ns//LaXl6wGYtUBY83nWS6Rf9tXm2e8VaK60JEjYldbPif/A2B1C2gNA==",
      "requires": {
        "loose-envify": "^1.0.0"
      }
    },
    "is-buffer": {
      "version": "1.1.6",
      "resolved": "https://registry.npmjs.org/is-buffer/-/is-buffer-1.1.6.tgz",
      "integrity": "sha512-NcdALwpXkTm5Zvvbk7owOUSvVvBKDgKP5/ewfXEznmQFfs4ZRmanOeKBTjRVjka3QFoN6XJ+9F3USqfHqTaU5w=="
    },
    "isarray": {
      "version": "0.0.1",
      "resolved": "https://registry.npmjs.org/isarray/-/isarray-0.0.1.tgz",
      "integrity": "sha1-ihis/Kmo9Bd+Cav8YDiTmwXR7t8="
    },
    "jquery": {
      "version": "3.2.1",
      "resolved": "https://registry.npmjs.org/jquery/-/jquery-3.2.1.tgz",
      "integrity": "sha1-XE2d5lKvbNCncBVKYxu6ErAVx4c="
    },
    "jquery-match-height": {
      "version": "0.7.2",
      "resolved": "https://registry.npmjs.org/jquery-match-height/-/jquery-match-height-0.7.2.tgz",
      "integrity": "sha1-+NnzulMU2qsQnPB0CGdL4gS+Xw4=",
      "optional": true
    },
    "js-tokens": {
      "version": "4.0.0",
      "resolved": "https://registry.npmjs.org/js-tokens/-/js-tokens-4.0.0.tgz",
      "integrity": "sha512-RdJUflcE3cUzKiMqQgsCu06FPu9UdIJO0beYbPhHN4k6apgJtifcoCtT9bcxOpYBtpD2kCM6Sbzg4CausW/PKQ=="
    },
    "loose-envify": {
      "version": "1.4.0",
      "resolved": "https://registry.npmjs.org/loose-envify/-/loose-envify-1.4.0.tgz",
      "integrity": "sha512-lyuxPGr/Wfhrlem2CL/UcnUc1zcqKAImBDzukY7Y5F/yQiNdko6+fRLevlw1HgMySw7f611UIY408EtxRSoK3Q==",
      "requires": {
        "js-tokens": "^3.0.0 || ^4.0.0"
      }
    },
    "moment": {
      "version": "2.22.2",
      "resolved": "https://registry.npmjs.org/moment/-/moment-2.22.2.tgz",
      "integrity": "sha1-PCV/mDn8DpP/UxSWMiOeuQeD/2Y="
    },
    "moment-timezone": {
      "version": "0.4.1",
      "resolved": "http://registry.npmjs.org/moment-timezone/-/moment-timezone-0.4.1.tgz",
      "integrity": "sha1-gfWYw61eIs2teWtn7NjYjQ9bqgY=",
      "optional": true,
      "requires": {
        "moment": ">= 2.6.0"
      }
    },
    "ms": {
      "version": "2.0.0",
      "resolved": "https://registry.npmjs.org/ms/-/ms-2.0.0.tgz",
      "integrity": "sha1-VgiurfwAvmwpAd9fmGF4jeDVl8g="
    },
    "object-assign": {
      "version": "4.1.1",
      "resolved": "https://registry.npmjs.org/object-assign/-/object-assign-4.1.1.tgz",
      "integrity": "sha1-IQmtx5ZYh8/AXLvUQsrIv7s2CGM="
    },
    "path-to-regexp": {
      "version": "1.7.0",
      "resolved": "https://registry.npmjs.org/path-to-regexp/-/path-to-regexp-1.7.0.tgz",
      "integrity": "sha1-Wf3g9DW62suhA6hOnTvGTpa5k30=",
      "requires": {
        "isarray": "0.0.1"
      }
    },
    "patternfly": {
      "version": "3.54.8",
      "resolved": "https://registry.npmjs.org/patternfly/-/patternfly-3.54.8.tgz",
      "integrity": "sha512-6pGy2tBZRM7Cnxi3ziLPB4kbYO9mMzT8ZSU8bVZSux2d+j/o08XB50NU2l8djL0sEmsr8s4J06mwB3vTlAuUrg==",
      "requires": {
        "@types/c3": "^0.6.0",
        "bootstrap": "~3.3.7",
        "bootstrap-datepicker": "^1.7.1",
        "bootstrap-sass": "^3.3.7",
        "bootstrap-select": "1.12.2",
        "bootstrap-slider": "^9.9.0",
        "bootstrap-switch": "~3.3.4",
        "bootstrap-touchspin": "~3.1.1",
        "c3": "~0.4.11",
        "d3": "~3.5.17",
        "datatables.net": "^1.10.15",
        "datatables.net-colreorder": "^1.4.1",
        "datatables.net-colreorder-bs": "~1.3.2",
        "datatables.net-select": "~1.2.0",
        "drmonty-datatables-colvis": "~1.1.2",
        "eonasdan-bootstrap-datetimepicker": "^4.17.47",
        "font-awesome": "^4.7.0",
        "font-awesome-sass": "^4.7.0",
        "google-code-prettify": "~1.0.5",
        "jquery": "~3.2.1",
        "jquery-match-height": "^0.7.2",
        "moment": "^2.19.1",
        "moment-timezone": "^0.4.1",
        "patternfly-bootstrap-combobox": "~1.1.7",
        "patternfly-bootstrap-treeview": "~2.1.0"
      },
      "dependencies": {
        "bootstrap": {
          "version": "3.3.7",
          "resolved": "https://registry.npmjs.org/bootstrap/-/bootstrap-3.3.7.tgz",
          "integrity": "sha1-WjiTlFSfIzMIdaOxUGVldPip63E="
        }
      }
    },
    "patternfly-bootstrap-combobox": {
      "version": "1.1.7",
      "resolved": "https://registry.npmjs.org/patternfly-bootstrap-combobox/-/patternfly-bootstrap-combobox-1.1.7.tgz",
      "integrity": "sha1-al48zRFwwhs8S0qhaKdBPh3btuE=",
      "optional": true
    },
    "patternfly-bootstrap-treeview": {
      "version": "2.1.7",
      "resolved": "https://registry.npmjs.org/patternfly-bootstrap-treeview/-/patternfly-bootstrap-treeview-2.1.7.tgz",
      "integrity": "sha512-wQgM+CvsiEpu9kdyviP+uTHxRT7bceimS0AVoClUaUYYGHbJ604EVt0Lmtwebtw/+ia3DHL99pu7qhGvZR830Q==",
      "optional": true,
      "requires": {
        "bootstrap": "3.3.x",
        "jquery": ">= 2.1.x"
      },
      "dependencies": {
        "bootstrap": {
          "version": "3.3.7",
          "resolved": "https://registry.npmjs.org/bootstrap/-/bootstrap-3.3.7.tgz",
          "integrity": "sha1-WjiTlFSfIzMIdaOxUGVldPip63E=",
          "optional": true
        }
      }
    },
    "prop-types": {
      "version": "15.6.2",
      "resolved": "https://registry.npmjs.org/prop-types/-/prop-types-15.6.2.tgz",
      "integrity": "sha512-3pboPvLiWD7dkI3qf3KbUe6hKFKa52w+AE0VCqECtf+QHAKgOL37tTaNCnuX1nAAQ4ZhyP+kYVKf8rLmJ/feDQ==",
      "requires": {
        "loose-envify": "^1.3.1",
        "object-assign": "^4.1.1"
      }
    },
    "react": {
      "version": "16.5.2",
      "resolved": "https://registry.npmjs.org/react/-/react-16.5.2.tgz",
      "integrity": "sha512-FDCSVd3DjVTmbEAjUNX6FgfAmQ+ypJfHUsqUJOYNCBUp1h8lqmtC+0mXJ+JjsWx4KAVTkk1vKd1hLQPvEviSuw==",
      "requires": {
        "loose-envify": "^1.1.0",
        "object-assign": "^4.1.1",
        "prop-types": "^15.6.2",
        "schedule": "^0.5.0"
      }
    },
    "react-dom": {
      "version": "16.5.2",
      "resolved": "https://registry.npmjs.org/react-dom/-/react-dom-16.5.2.tgz",
      "integrity": "sha512-RC8LDw8feuZOHVgzEf7f+cxBr/DnKdqp56VU0lAs1f4UfKc4cU8wU4fTq/mgnvynLQo8OtlPC19NUFh/zjZPuA==",
      "requires": {
        "loose-envify": "^1.1.0",
        "object-assign": "^4.1.1",
        "prop-types": "^15.6.2",
        "schedule": "^0.5.0"
      }
    },
    "react-router": {
      "version": "4.3.1",
      "resolved": "https://registry.npmjs.org/react-router/-/react-router-4.3.1.tgz",
      "integrity": "sha512-yrvL8AogDh2X42Dt9iknk4wF4V8bWREPirFfS9gLU1huk6qK41sg7Z/1S81jjTrGHxa3B8R3J6xIkDAA6CVarg==",
      "requires": {
        "history": "^4.7.2",
        "hoist-non-react-statics": "^2.5.0",
        "invariant": "^2.2.4",
        "loose-envify": "^1.3.1",
        "path-to-regexp": "^1.7.0",
        "prop-types": "^15.6.1",
        "warning": "^4.0.1"
      }
    },
    "react-router-dom": {
      "version": "4.3.1",
      "resolved": "https://registry.npmjs.org/react-router-dom/-/react-router-dom-4.3.1.tgz",
      "integrity": "sha512-c/MlywfxDdCp7EnB7YfPMOfMD3tOtIjrQlj/CKfNMBxdmpJP8xcz5P/UAFn3JbnQCNUxsHyVVqllF9LhgVyFCA==",
      "requires": {
        "history": "^4.7.2",
        "invariant": "^2.2.4",
        "loose-envify": "^1.3.1",
        "prop-types": "^15.6.1",
        "react-router": "^4.3.1",
        "warning": "^4.0.1"
      }
    },
    "resolve-pathname": {
      "version": "2.2.0",
      "resolved": "https://registry.npmjs.org/resolve-pathname/-/resolve-pathname-2.2.0.tgz",
      "integrity": "sha512-bAFz9ld18RzJfddgrO2e/0S2O81710++chRMUxHjXOYKF6jTAMrUNZrEZ1PvV0zlhfjidm08iRPdTLPno1FuRg=="
    },
    "schedule": {
      "version": "0.5.0",
      "resolved": "https://registry.npmjs.org/schedule/-/schedule-0.5.0.tgz",
      "integrity": "sha512-HUcJicG5Ou8xfR//c2rPT0lPIRR09vVvN81T9fqfVgBmhERUbDEQoYKjpBxbueJnCPpSu2ujXzOnRQt6x9o/jw==",
      "requires": {
        "object-assign": "^4.1.1"
      }
    },
    "systemjs": {
      "version": "0.20.19",
      "resolved": "https://registry.npmjs.org/systemjs/-/systemjs-0.20.19.tgz",
      "integrity": "sha512-H/rKwNEEyej/+IhkmFNmKFyJul8tbH/muiPq5TyNoVTwsGhUjRsN3NlFnFQUvFXA3+GQmsXkCNXU6QKPl779aw=="
    },
    "systemjs-plugin-babel": {
      "version": "0.0.25",
      "resolved": "https://registry.npmjs.org/systemjs-plugin-babel/-/systemjs-plugin-babel-0.0.25.tgz",
      "integrity": "sha512-RMKSizWWlw4+IpDB385ugxn7Owd9W+HEtjYDQ6yO1FpsnER/vk6FbXRweUF+mvRi6EHgk8vDdUdtui7ReDwX3w=="
    },
    "typescript": {
      "version": "3.1.1",
      "resolved": "https://registry.npmjs.org/typescript/-/typescript-3.1.1.tgz",
      "integrity": "sha512-Veu0w4dTc/9wlWNf2jeRInNodKlcdLgemvPsrNpfu5Pq39sgfFjvIIgTsvUHCoLBnMhPoUA+tFxsXjU6VexVRQ==",
      "dev": true
    },
    "value-equal": {
      "version": "0.4.0",
      "resolved": "https://registry.npmjs.org/value-equal/-/value-equal-0.4.0.tgz",
      "integrity": "sha512-x+cYdNnaA3CxvMaTX0INdTCN8m8aF2uY9BvEqmxuYp8bL09cs/kWVQPVGcA35fMktdOsP69IgU7wFj/61dJHEw=="
    },
    "warning": {
      "version": "4.0.2",
      "resolved": "https://registry.npmjs.org/warning/-/warning-4.0.2.tgz",
      "integrity": "sha512-wbTp09q/9C+jJn4KKJfJfoS6VleK/Dti0yqWSm6KMvJ4MRCXFQNapHuJXutJIrWV0Cf4AhTdeIe4qdKHR1+Hug==",
      "requires": {
        "loose-envify": "^1.0.0"
      }
    }
  }
}
